// !$*UTF8*$!
{
	archiveVersion = 1;
	classes = {
	};
	objectVersion = 55;
	objects = {

/* Begin PBXBuildFile section */
		24FC850D27CEBF3A0008D03B /* AppDelegate.swift in Sources */ = {isa = PBXBuildFile; fileRef = 24FC850C27CEBF3A0008D03B /* AppDelegate.swift */; };
		24FC850F27CEBF3A0008D03B /* SceneDelegate.swift in Sources */ = {isa = PBXBuildFile; fileRef = 24FC850E27CEBF3A0008D03B /* SceneDelegate.swift */; };
		24FC851127CEBF3A0008D03B /* ViewController.swift in Sources */ = {isa = PBXBuildFile; fileRef = 24FC851027CEBF3A0008D03B /* ViewController.swift */; };
		24FC851427CEBF3A0008D03B /* Main.storyboard in Resources */ = {isa = PBXBuildFile; fileRef = 24FC851227CEBF3A0008D03B /* Main.storyboard */; };
		24FC851627CEBF3B0008D03B /* Assets.xcassets in Resources */ = {isa = PBXBuildFile; fileRef = 24FC851527CEBF3B0008D03B /* Assets.xcassets */; };
		24FC851927CEBF3B0008D03B /* LaunchScreen.storyboard in Resources */ = {isa = PBXBuildFile; fileRef = 24FC851727CEBF3B0008D03B /* LaunchScreen.storyboard */; };
		24FC852427CEBF3B0008D03B /* Kolluru_SearchAppTests.swift in Sources */ = {isa = PBXBuildFile; fileRef = 24FC852327CEBF3B0008D03B /* Kolluru_SearchAppTests.swift */; };
		24FC852E27CEBF3B0008D03B /* Kolluru_SearchAppUITests.swift in Sources */ = {isa = PBXBuildFile; fileRef = 24FC852D27CEBF3B0008D03B /* Kolluru_SearchAppUITests.swift */; };
		24FC853027CEBF3B0008D03B /* Kolluru_SearchAppUITestsLaunchTests.swift in Sources */ = {isa = PBXBuildFile; fileRef = 24FC852F27CEBF3B0008D03B /* Kolluru_SearchAppUITestsLaunchTests.swift */; };
/* End PBXBuildFile section */

/* Begin PBXContainerItemProxy section */
		24FC852027CEBF3B0008D03B /* PBXContainerItemProxy */ = {
			isa = PBXContainerItemProxy;
			containerPortal = 24FC850127CEBF3A0008D03B /* Project object */;
			proxyType = 1;
			remoteGlobalIDString = 24FC850827CEBF3A0008D03B;
			remoteInfo = Kolluru_SearchApp;
		};
		24FC852A27CEBF3B0008D03B /* PBXContainerItemProxy */ = {
			isa = PBXContainerItemProxy;
			containerPortal = 24FC850127CEBF3A0008D03B /* Project object */;
			proxyType = 1;
			remoteGlobalIDString = 24FC850827CEBF3A0008D03B;
			remoteInfo = Kolluru_SearchApp;
		};
/* End PBXContainerItemProxy section */

/* Begin PBXFileReference section */
		24FC850927CEBF3A0008D03B /* Kolluru_SearchApp.app */ = {isa = PBXFileReference; explicitFileType = wrapper.application; includeInIndex = 0; path = Kolluru_SearchApp.app; sourceTree = BUILT_PRODUCTS_DIR; };
		24FC850C27CEBF3A0008D03B /* AppDelegate.swift */ = {isa = PBXFileReference; lastKnownFileType = sourcecode.swift; path = AppDelegate.swift; sourceTree = "<group>"; };
		24FC850E27CEBF3A0008D03B /* SceneDelegate.swift */ = {isa = PBXFileReference; lastKnownFileType = sourcecode.swift; path = SceneDelegate.swift; sourceTree = "<group>"; };
		24FC851027CEBF3A0008D03B /* ViewController.swift */ = {isa = PBXFileReference; lastKnownFileType = sourcecode.swift; path = ViewController.swift; sourceTree = "<group>"; };
		24FC851327CEBF3A0008D03B /* Base */ = {isa = PBXFileReference; lastKnownFileType = file.storyboard; name = Base; path = Base.lproj/Main.storyboard; sourceTree = "<group>"; };
		24FC851527CEBF3B0008D03B /* Assets.xcassets */ = {isa = PBXFileReference; lastKnownFileType = folder.assetcatalog; path = Assets.xcassets; sourceTree = "<group>"; };
		24FC851827CEBF3B0008D03B /* Base */ = {isa = PBXFileReference; lastKnownFileType = file.storyboard; name = Base; path = Base.lproj/LaunchScreen.storyboard; sourceTree = "<group>"; };
		24FC851A27CEBF3B0008D03B /* Info.plist */ = {isa = PBXFileReference; lastKnownFileType = text.plist.xml; path = Info.plist; sourceTree = "<group>"; };
		24FC851F27CEBF3B0008D03B /* Kolluru_SearchAppTests.xctest */ = {isa = PBXFileReference; explicitFileType = wrapper.cfbundle; includeInIndex = 0; path = Kolluru_SearchAppTests.xctest; sourceTree = BUILT_PRODUCTS_DIR; };
		24FC852327CEBF3B0008D03B /* Kolluru_SearchAppTests.swift */ = {isa = PBXFileReference; lastKnownFileType = sourcecode.swift; path = Kolluru_SearchAppTests.swift; sourceTree = "<group>"; };
		24FC852927CEBF3B0008D03B /* Kolluru_SearchAppUITests.xctest */ = {isa = PBXFileReference; explicitFileType = wrapper.cfbundle; includeInIndex = 0; path = Kolluru_SearchAppUITests.xctest; sourceTree = BUILT_PRODUCTS_DIR; };
		24FC852D27CEBF3B0008D03B /* Kolluru_SearchAppUITests.swift */ = {isa = PBXFileReference; lastKnownFileType = sourcecode.swift; path = Kolluru_SearchAppUITests.swift; sourceTree = "<group>"; };
		24FC852F27CEBF3B0008D03B /* Kolluru_SearchAppUITestsLaunchTests.swift */ = {isa = PBXFileReference; lastKnownFileType = sourcecode.swift; path = Kolluru_SearchAppUITestsLaunchTests.swift; sourceTree = "<group>"; };
/* End PBXFileReference section */

/* Begin PBXFrameworksBuildPhase section */
		24FC850627CEBF3A0008D03B /* Frameworks */ = {
			isa = PBXFrameworksBuildPhase;
			buildActionMask = 2147483647;
			files = (
			);
			runOnlyForDeploymentPostprocessing = 0;
		};
		24FC851C27CEBF3B0008D03B /* Frameworks */ = {
			isa = PBXFrameworksBuildPhase;
			buildActionMask = 2147483647;
			files = (
			);
			runOnlyForDeploymentPostprocessing = 0;
		};
		24FC852627CEBF3B0008D03B /* Frameworks */ = {
			isa = PBXFrameworksBuildPhase;
			buildActionMask = 2147483647;
			files = (
			);
			runOnlyForDeploymentPostprocessing = 0;
		};
/* End PBXFrameworksBuildPhase section */

/* Begin PBXGroup section */
		24FC850027CEBF3A0008D03B = {
			isa = PBXGroup;
			children = (
				24FC850B27CEBF3A0008D03B /* Kolluru_SearchApp */,
				24FC852227CEBF3B0008D03B /* Kolluru_SearchAppTests */,
				24FC852C27CEBF3B0008D03B /* Kolluru_SearchAppUITests */,
				24FC850A27CEBF3A0008D03B /* Products */,
			);
			sourceTree = "<group>";
		};
		24FC850A27CEBF3A0008D03B /* Products */ = {
			isa = PBXGroup;
			children = (
				24FC850927CEBF3A0008D03B /* Kolluru_SearchApp.app */,
				24FC851F27CEBF3B0008D03B /* Kolluru_SearchAppTests.xctest */,
				24FC852927CEBF3B0008D03B /* Kolluru_SearchAppUITests.xctest */,
			);
			name = Products;
			sourceTree = "<group>";
		};
		24FC850B27CEBF3A0008D03B /* Kolluru_SearchApp */ = {
			isa = PBXGroup;
			children = (
				24FC850C27CEBF3A0008D03B /* AppDelegate.swift */,
				24FC850E27CEBF3A0008D03B /* SceneDelegate.swift */,
				24FC851027CEBF3A0008D03B /* ViewController.swift */,
				24FC851227CEBF3A0008D03B /* Main.storyboard */,
				24FC851527CEBF3B0008D03B /* Assets.xcassets */,
				24FC851727CEBF3B0008D03B /* LaunchScreen.storyboard */,
				24FC851A27CEBF3B0008D03B /* Info.plist */,
			);
			path = Kolluru_SearchApp;
			sourceTree = "<group>";
		};
		24FC852227CEBF3B0008D03B /* Kolluru_SearchAppTests */ = {
			isa = PBXGroup;
			children = (
				24FC852327CEBF3B0008D03B /* Kolluru_SearchAppTests.swift */,
			);
			path = Kolluru_SearchAppTests;
			sourceTree = "<group>";
		};
		24FC852C27CEBF3B0008D03B /* Kolluru_SearchAppUITests */ = {
			isa = PBXGroup;
			children = (
				24FC852D27CEBF3B0008D03B /* Kolluru_SearchAppUITests.swift */,
				24FC852F27CEBF3B0008D03B /* Kolluru_SearchAppUITestsLaunchTests.swift */,
			);
			path = Kolluru_SearchAppUITests;
			sourceTree = "<group>";
		};
/* End PBXGroup section */

/* Begin PBXNativeTarget section */
		24FC850827CEBF3A0008D03B /* Kolluru_SearchApp */ = {
			isa = PBXNativeTarget;
			buildConfigurationList = 24FC853327CEBF3B0008D03B /* Build configuration list for PBXNativeTarget "Kolluru_SearchApp" */;
			buildPhases = (
				24FC850527CEBF3A0008D03B /* Sources */,
				24FC850627CEBF3A0008D03B /* Frameworks */,
				24FC850727CEBF3A0008D03B /* Resources */,
			);
			buildRules = (
			);
			dependencies = (
			);
			name = Kolluru_SearchApp;
			productName = Kolluru_SearchApp;
			productReference = 24FC850927CEBF3A0008D03B /* Kolluru_SearchApp.app */;
			productType = "com.apple.product-type.application";
		};
		24FC851E27CEBF3B0008D03B /* Kolluru_SearchAppTests */ = {
			isa = PBXNativeTarget;
			buildConfigurationList = 24FC853627CEBF3B0008D03B /* Build configuration list for PBXNativeTarget "Kolluru_SearchAppTests" */;
			buildPhases = (
				24FC851B27CEBF3B0008D03B /* Sources */,
				24FC851C27CEBF3B0008D03B /* Frameworks */,
				24FC851D27CEBF3B0008D03B /* Resources */,
			);
			buildRules = (
			);
			dependencies = (
				24FC852127CEBF3B0008D03B /* PBXTargetDependency */,
			);
			name = Kolluru_SearchAppTests;
			productName = Kolluru_SearchAppTests;
			productReference = 24FC851F27CEBF3B0008D03B /* Kolluru_SearchAppTests.xctest */;
			productType = "com.apple.product-type.bundle.unit-test";
		};
		24FC852827CEBF3B0008D03B /* Kolluru_SearchAppUITests */ = {
			isa = PBXNativeTarget;
			buildConfigurationList = 24FC853927CEBF3B0008D03B /* Build configuration list for PBXNativeTarget "Kolluru_SearchAppUITests" */;
			buildPhases = (
				24FC852527CEBF3B0008D03B /* Sources */,
				24FC852627CEBF3B0008D03B /* Frameworks */,
				24FC852727CEBF3B0008D03B /* Resources */,
			);
			buildRules = (
			);
			dependencies = (
				24FC852B27CEBF3B0008D03B /* PBXTargetDependency */,
			);
			name = Kolluru_SearchAppUITests;
			productName = Kolluru_SearchAppUITests;
			productReference = 24FC852927CEBF3B0008D03B /* Kolluru_SearchAppUITests.xctest */;
			productType = "com.apple.product-type.bundle.ui-testing";
		};
/* End PBXNativeTarget section */

/* Begin PBXProject section */
		24FC850127CEBF3A0008D03B /* Project object */ = {
			isa = PBXProject;
			attributes = {
				BuildIndependentTargetsInParallel = 1;
				LastSwiftUpdateCheck = 1320;
				LastUpgradeCheck = 1320;
				TargetAttributes = {
					24FC850827CEBF3A0008D03B = {
						CreatedOnToolsVersion = 13.2.1;
					};
					24FC851E27CEBF3B0008D03B = {
						CreatedOnToolsVersion = 13.2.1;
						TestTargetID = 24FC850827CEBF3A0008D03B;
					};
					24FC852827CEBF3B0008D03B = {
						CreatedOnToolsVersion = 13.2.1;
						TestTargetID = 24FC850827CEBF3A0008D03B;
					};
				};
			};
			buildConfigurationList = 24FC850427CEBF3A0008D03B /* Build configuration list for PBXProject "Kolluru_SearchApp" */;
			compatibilityVersion = "Xcode 13.0";
			developmentRegion = en;
			hasScannedForEncodings = 0;
			knownRegions = (
				en,
				Base,
			);
			mainGroup = 24FC850027CEBF3A0008D03B;
			productRefGroup = 24FC850A27CEBF3A0008D03B /* Products */;
			projectDirPath = "";
			projectRoot = "";
			targets = (
				24FC850827CEBF3A0008D03B /* Kolluru_SearchApp */,
				24FC851E27CEBF3B0008D03B /* Kolluru_SearchAppTests */,
				24FC852827CEBF3B0008D03B /* Kolluru_SearchAppUITests */,
			);
		};
/* End PBXProject section */

/* Begin PBXResourcesBuildPhase section */
		24FC850727CEBF3A0008D03B /* Resources */ = {
			isa = PBXResourcesBuildPhase;
			buildActionMask = 2147483647;
			files = (
				24FC851927CEBF3B0008D03B /* LaunchScreen.storyboard in Resources */,
				24FC851627CEBF3B0008D03B /* Assets.xcassets in Resources */,
				24FC851427CEBF3A0008D03B /* Main.storyboard in Resources */,
			);
			runOnlyForDeploymentPostprocessing = 0;
		};
		24FC851D27CEBF3B0008D03B /* Resources */ = {
			isa = PBXResourcesBuildPhase;
			buildActionMask = 2147483647;
			files = (
			);
			runOnlyForDeploymentPostprocessing = 0;
		};
		24FC852727CEBF3B0008D03B /* Resources */ = {
			isa = PBXResourcesBuildPhase;
			buildActionMask = 2147483647;
			files = (
			);
			runOnlyForDeploymentPostprocessing = 0;
		};
/* End PBXResourcesBuildPhase section */

/* Begin PBXSourcesBuildPhase section */
		24FC850527CEBF3A0008D03B /* Sources */ = {
			isa = PBXSourcesBuildPhase;
			buildActionMask = 2147483647;
			files = (
				24FC851127CEBF3A0008D03B /* ViewController.swift in Sources */,
				24FC850D27CEBF3A0008D03B /* AppDelegate.swift in Sources */,
				24FC850F27CEBF3A0008D03B /* SceneDelegate.swift in Sources */,
			);
			runOnlyForDeploymentPostprocessing = 0;
		};
		24FC851B27CEBF3B0008D03B /* Sources */ = {
			isa = PBXSourcesBuildPhase;
			buildActionMask = 2147483647;
			files = (
				24FC852427CEBF3B0008D03B /* Kolluru_SearchAppTests.swift in Sources */,
			);
			runOnlyForDeploymentPostprocessing = 0;
		};
		24FC852527CEBF3B0008D03B /* Sources */ = {
			isa = PBXSourcesBuildPhase;
			buildActionMask = 2147483647;
			files = (
				24FC852E27CEBF3B0008D03B /* Kolluru_SearchAppUITests.swift in Sources */,
				24FC853027CEBF3B0008D03B /* Kolluru_SearchAppUITestsLaunchTests.swift in Sources */,
			);
			runOnlyForDeploymentPostprocessing = 0;
		};
/* End PBXSourcesBuildPhase section */

/* Begin PBXTargetDependency section */
		24FC852127CEBF3B0008D03B /* PBXTargetDependency */ = {
			isa = PBXTargetDependency;
			target = 24FC850827CEBF3A0008D03B /* Kolluru_SearchApp */;
			targetProxy = 24FC852027CEBF3B0008D03B /* PBXContainerItemProxy */;
		};
		24FC852B27CEBF3B0008D03B /* PBXTargetDependency */ = {
			isa = PBXTargetDependency;
			target = 24FC850827CEBF3A0008D03B /* Kolluru_SearchApp */;
			targetProxy = 24FC852A27CEBF3B0008D03B /* PBXContainerItemProxy */;
		};
/* End PBXTargetDependency section */

/* Begin PBXVariantGroup section */
		24FC851227CEBF3A0008D03B /* Main.storyboard */ = {
			isa = PBXVariantGroup;
			children = (
				24FC851327CEBF3A0008D03B /* Base */,
			);
			name = Main.storyboard;
			sourceTree = "<group>";
		};
		24FC851727CEBF3B0008D03B /* LaunchScreen.storyboard */ = {
			isa = PBXVariantGroup;
			children = (
				24FC851827CEBF3B0008D03B /* Base */,
			);
			name = LaunchScreen.storyboard;
			sourceTree = "<group>";
		};
/* End PBXVariantGroup section */

/* Begin XCBuildConfiguration section */
		24FC853127CEBF3B0008D03B /* Debug */ = {
			isa = XCBuildConfiguration;
			buildSettings = {
				ALWAYS_SEARCH_USER_PATHS = NO;
				CLANG_ANALYZER_NONNULL = YES;
				CLANG_ANALYZER_NUMBER_OBJECT_CONVERSION = YES_AGGRESSIVE;
				CLANG_CXX_LANGUAGE_STANDARD = "gnu++17";
				CLANG_CXX_LIBRARY = "libc++";
				CLANG_ENABLE_MODULES = YES;
				CLANG_ENABLE_OBJC_ARC = YES;
				CLANG_ENABLE_OBJC_WEAK = YES;
				CLANG_WARN_BLOCK_CAPTURE_AUTORELEASING = YES;
				CLANG_WARN_BOOL_CONVERSION = YES;
				CLANG_WARN_COMMA = YES;
				CLANG_WARN_CONSTANT_CONVERSION = YES;
				CLANG_WARN_DEPRECATED_OBJC_IMPLEMENTATIONS = YES;
				CLANG_WARN_DIRECT_OBJC_ISA_USAGE = YES_ERROR;
				CLANG_WARN_DOCUMENTATION_COMMENTS = YES;
				CLANG_WARN_EMPTY_BODY = YES;
				CLANG_WARN_ENUM_CONVERSION = YES;
				CLANG_WARN_INFINITE_RECURSION = YES;
				CLANG_WARN_INT_CONVERSION = YES;
				CLANG_WARN_NON_LITERAL_NULL_CONVERSION = YES;
				CLANG_WARN_OBJC_IMPLICIT_RETAIN_SELF = YES;
				CLANG_WARN_OBJC_LITERAL_CONVERSION = YES;
				CLANG_WARN_OBJC_ROOT_CLASS = YES_ERROR;
				CLANG_WARN_QUOTED_INCLUDE_IN_FRAMEWORK_HEADER = YES;
				CLANG_WARN_RANGE_LOOP_ANALYSIS = YES;
				CLANG_WARN_STRICT_PROTOTYPES = YES;
				CLANG_WARN_SUSPICIOUS_MOVE = YES;
				CLANG_WARN_UNGUARDED_AVAILABILITY = YES_AGGRESSIVE;
				CLANG_WARN_UNREACHABLE_CODE = YES;
				CLANG_WARN__DUPLICATE_METHOD_MATCH = YES;
				COPY_PHASE_STRIP = NO;
				DEBUG_INFORMATION_FORMAT = dwarf;
				ENABLE_STRICT_OBJC_MSGSEND = YES;
				ENABLE_TESTABILITY = YES;
				GCC_C_LANGUAGE_STANDARD = gnu11;
				GCC_DYNAMIC_NO_PIC = NO;
				GCC_NO_COMMON_BLOCKS = YES;
				GCC_OPTIMIZATION_LEVEL = 0;
				GCC_PREPROCESSOR_DEFINITIONS = (
					"DEBUG=1",
					"$(inherited)",
				);
				GCC_WARN_64_TO_32_BIT_CONVERSION = YES;
				GCC_WARN_ABOUT_RETURN_TYPE = YES_ERROR;
				GCC_WARN_UNDECLARED_SELECTOR = YES;
				GCC_WARN_UNINITIALIZED_AUTOS = YES_AGGRESSIVE;
				GCC_WARN_UNUSED_FUNCTION = YES;
				GCC_WARN_UNUSED_VARIABLE = YES;
				IPHONEOS_DEPLOYMENT_TARGET = 15.2;
				MTL_ENABLE_DEBUG_INFO = INCLUDE_SOURCE;
				MTL_FAST_MATH = YES;
				ONLY_ACTIVE_ARCH = YES;
				SDKROOT = iphoneos;
				SWIFT_ACTIVE_COMPILATION_CONDITIONS = DEBUG;
				SWIFT_OPTIMIZATION_LEVEL = "-Onone";
			};
			name = Debug;
		};
		24FC853227CEBF3B0008D03B /* Release */ = {
			isa = XCBuildConfiguration;
			buildSettings = {
				ALWAYS_SEARCH_USER_PATHS = NO;
				CLANG_ANALYZER_NONNULL = YES;
				CLANG_ANALYZER_NUMBER_OBJECT_CONVERSION = YES_AGGRESSIVE;
				CLANG_CXX_LANGUAGE_STANDARD = "gnu++17";
				CLANG_CXX_LIBRARY = "libc++";
				CLANG_ENABLE_MODULES = YES;
				CLANG_ENABLE_OBJC_ARC = YES;
				CLANG_ENABLE_OBJC_WEAK = YES;
				CLANG_WARN_BLOCK_CAPTURE_AUTORELEASING = YES;
				CLANG_WARN_BOOL_CONVERSION = YES;
				CLANG_WARN_COMMA = YES;
				CLANG_WARN_CONSTANT_CONVERSION = YES;
				CLANG_WARN_DEPRECATED_OBJC_IMPLEMENTATIONS = YES;
				CLANG_WARN_DIRECT_OBJC_ISA_USAGE = YES_ERROR;
				CLANG_WARN_DOCUMENTATION_COMMENTS = YES;
				CLANG_WARN_EMPTY_BODY = YES;
				CLANG_WARN_ENUM_CONVERSION = YES;
				CLANG_WARN_INFINITE_RECURSION = YES;
				CLANG_WARN_INT_CONVERSION = YES;
				CLANG_WARN_NON_LITERAL_NULL_CONVERSION = YES;
				CLANG_WARN_OBJC_IMPLICIT_RETAIN_SELF = YES;
				CLANG_WARN_OBJC_LITERAL_CONVERSION = YES;
				CLANG_WARN_OBJC_ROOT_CLASS = YES_ERROR;
				CLANG_WARN_QUOTED_INCLUDE_IN_FRAMEWORK_HEADER = YES;
				CLANG_WARN_RANGE_LOOP_ANALYSIS = YES;
				CLANG_WARN_STRICT_PROTOTYPES = YES;
				CLANG_WARN_SUSPICIOUS_MOVE = YES;
				CLANG_WARN_UNGUARDED_AVAILABILITY = YES_AGGRESSIVE;
				CLANG_WARN_UNREACHABLE_CODE = YES;
				CLANG_WARN__DUPLICATE_METHOD_MATCH = YES;
				COPY_PHASE_STRIP = NO;
				DEBUG_INFORMATION_FORMAT = "dwarf-with-dsym";
				ENABLE_NS_ASSERTIONS = NO;
				ENABLE_STRICT_OBJC_MSGSEND = YES;
				GCC_C_LANGUAGE_STANDARD = gnu11;
				GCC_NO_COMMON_BLOCKS = YES;
				GCC_WARN_64_TO_32_BIT_CONVERSION = YES;
				GCC_WARN_ABOUT_RETURN_TYPE = YES_ERROR;
				GCC_WARN_UNDECLARED_SELECTOR = YES;
				GCC_WARN_UNINITIALIZED_AUTOS = YES_AGGRESSIVE;
				GCC_WARN_UNUSED_FUNCTION = YES;
				GCC_WARN_UNUSED_VARIABLE = YES;
				IPHONEOS_DEPLOYMENT_TARGET = 15.2;
				MTL_ENABLE_DEBUG_INFO = NO;
				MTL_FAST_MATH = YES;
				SDKROOT = iphoneos;
				SWIFT_COMPILATION_MODE = wholemodule;
				SWIFT_OPTIMIZATION_LEVEL = "-O";
				VALIDATE_PRODUCT = YES;
			};
			name = Release;
		};
		24FC853427CEBF3B0008D03B /* Debug */ = {
			isa = XCBuildConfiguration;
			buildSettings = {
				ASSETCATALOG_COMPILER_APPICON_NAME = AppIcon;
				ASSETCATALOG_COMPILER_GLOBAL_ACCENT_COLOR_NAME = AccentColor;
				CODE_SIGN_STYLE = Automatic;
				CURRENT_PROJECT_VERSION = 1;
				GENERATE_INFOPLIST_FILE = YES;
				INFOPLIST_FILE = Kolluru_SearchApp/Info.plist;
				INFOPLIST_KEY_CFBundleDisplayName = Kolluru_SearchApp;
				INFOPLIST_KEY_UIApplicationSupportsIndirectInputEvents = YES;
				INFOPLIST_KEY_UILaunchStoryboardName = LaunchScreen;
				INFOPLIST_KEY_UIMainStoryboardFile = Main;
				INFOPLIST_KEY_UISupportedInterfaceOrientations_iPad = "UIInterfaceOrientationPortrait UIInterfaceOrientationPortraitUpsideDown UIInterfaceOrientationLandscapeLeft UIInterfaceOrientationLandscapeRight";
				INFOPLIST_KEY_UISupportedInterfaceOrientations_iPhone = "UIInterfaceOrientationPortrait UIInterfaceOrientationLandscapeLeft UIInterfaceOrientationLandscapeRight";
				LD_RUNPATH_SEARCH_PATHS = (
					"$(inherited)",
					"@executable_path/Frameworks",
				);
				MARKETING_VERSION = 1.0;
				PRODUCT_BUNDLE_IDENTIFIER = "nwmsu.Kolluru-SearchApp";
				PRODUCT_NAME = "$(TARGET_NAME)";
				SWIFT_EMIT_LOC_STRINGS = YES;
				SWIFT_VERSION = 5.0;
				TARGETED_DEVICE_FAMILY = "1,2";
			};
			name = Debug;
		};
		24FC853527CEBF3B0008D03B /* Release */ = {
			isa = XCBuildConfiguration;
			buildSettings = {
				ASSETCATALOG_COMPILER_APPICON_NAME = AppIcon;
				ASSETCATALOG_COMPILER_GLOBAL_ACCENT_COLOR_NAME = AccentColor;
				CODE_SIGN_STYLE = Automatic;
				CURRENT_PROJECT_VERSION = 1;
				GENERATE_INFOPLIST_FILE = YES;
				INFOPLIST_FILE = Kolluru_SearchApp/Info.plist;
				INFOPLIST_KEY_CFBundleDisplayName = Kolluru_SearchApp;
				INFOPLIST_KEY_UIApplicationSupportsIndirectInputEvents = YES;
				INFOPLIST_KEY_UILaunchStoryboardName = LaunchScreen;
				INFOPLIST_KEY_UIMainStoryboardFile = Main;
				INFOPLIST_KEY_UISupportedInterfaceOrientations_iPad = "UIInterfaceOrientationPortrait UIInterfaceOrientationPortraitUpsideDown UIInterfaceOrientationLandscapeLeft UIInterfaceOrientationLandscapeRight";
				INFOPLIST_KEY_UISupportedInterfaceOrientations_iPhone = "UIInterfaceOrientationPortrait UIInterfaceOrientationLandscapeLeft UIInterfaceOrientationLandscapeRight";
				LD_RUNPATH_SEARCH_PATHS = (
					"$(inherited)",
					"@executable_path/Frameworks",
				);
				MARKETING_VERSION = 1.0;
				PRODUCT_BUNDLE_IDENTIFIER = "nwmsu.Kolluru-SearchApp";
				PRODUCT_NAME = "$(TARGET_NAME)";
				SWIFT_EMIT_LOC_STRINGS = YES;
				SWIFT_VERSION = 5.0;
				TARGETED_DEVICE_FAMILY = "1,2";
			};
			name = Release;
		};
		24FC853727CEBF3B0008D03B /* Debug */ = {
			isa = XCBuildConfiguration;
			buildSettings = {
				ALWAYS_EMBED_SWIFT_STANDARD_LIBRARIES = YES;
				BUNDLE_LOADER = "$(TEST_HOST)";
				CODE_SIGN_STYLE = Automatic;
				CURRENT_PROJECT_VERSION = 1;
				GENERATE_INFOPLIST_FILE = YES;
				IPHONEOS_DEPLOYMENT_TARGET = 15.2;
				MARKETING_VERSION = 1.0;
				PRODUCT_BUNDLE_IDENTIFIER = "nwmsu.Kolluru-SearchAppTests";
				PRODUCT_NAME = "$(TARGET_NAME)";
				SWIFT_EMIT_LOC_STRINGS = NO;
				SWIFT_VERSION = 5.0;
				TARGETED_DEVICE_FAMILY = "1,2";
				TEST_HOST = "$(BUILT_PRODUCTS_DIR)/Kolluru_SearchApp.app/Kolluru_SearchApp";
			};
			name = Debug;
		};
		24FC853827CEBF3B0008D03B /* Release */ = {
			isa = XCBuildConfiguration;
			buildSettings = {
				ALWAYS_EMBED_SWIFT_STANDARD_LIBRARIES = YES;
				BUNDLE_LOADER = "$(TEST_HOST)";
				CODE_SIGN_STYLE = Automatic;
				CURRENT_PROJECT_VERSION = 1;
				GENERATE_INFOPLIST_FILE = YES;
				IPHONEOS_DEPLOYMENT_TARGET = 15.2;
				MARKETING_VERSION = 1.0;
				PRODUCT_BUNDLE_IDENTIFIER = "nwmsu.Kolluru-SearchAppTests";
				PRODUCT_NAME = "$(TARGET_NAME)";
				SWIFT_EMIT_LOC_STRINGS = NO;
				SWIFT_VERSION = 5.0;
				TARGETED_DEVICE_FAMILY = "1,2";
				TEST_HOST = "$(BUILT_PRODUCTS_DIR)/Kolluru_SearchApp.app/Kolluru_SearchApp";
			};
			name = Release;
		};
		24FC853A27CEBF3B0008D03B /* Debug */ = {
			isa = XCBuildConfiguration;
			buildSettings = {
				ALWAYS_EMBED_SWIFT_STANDARD_LIBRARIES = YES;
				CODE_SIGN_STYLE = Automatic;
				CURRENT_PROJECT_VERSION = 1;
				GENERATE_INFOPLIST_FILE = YES;
				MARKETING_VERSION = 1.0;
				PRODUCT_BUNDLE_IDENTIFIER = "nwmsu.Kolluru-SearchAppUITests";
				PRODUCT_NAME = "$(TARGET_NAME)";
				SWIFT_EMIT_LOC_STRINGS = NO;
				SWIFT_VERSION = 5.0;
				TARGETED_DEVICE_FAMILY = "1,2";
				TEST_TARGET_NAME = Kolluru_SearchApp;
			};
			name = Debug;
		};
		24FC853B27CEBF3B0008D03B /* Release */ = {
			isa = XCBuildConfiguration;
			buildSettings = {
				ALWAYS_EMBED_SWIFT_STANDARD_LIBRARIES = YES;
				CODE_SIGN_STYLE = Automatic;
				CURRENT_PROJECT_VERSION = 1;
				GENERATE_INFOPLIST_FILE = YES;
				MARKETING_VERSION = 1.0;
				PRODUCT_BUNDLE_IDENTIFIER = "nwmsu.Kolluru-SearchAppUITests";
				PRODUCT_NAME = "$(TARGET_NAME)";
				SWIFT_EMIT_LOC_STRINGS = NO;
				SWIFT_VERSION = 5.0;
				TARGETED_DEVICE_FAMILY = "1,2";
				TEST_TARGET_NAME = Kolluru_SearchApp;
			};
			name = Release;
		};
/* End XCBuildConfiguration section */

/* Begin XCConfigurationList section */
		24FC850427CEBF3A0008D03B /* Build configuration list for PBXProject "Kolluru_SearchApp" */ = {
			isa = XCConfigurationList;
			buildConfigurations = (
				24FC853127CEBF3B0008D03B /* Debug */,
				24FC853227CEBF3B0008D03B /* Release */,
			);
			defaultConfigurationIsVisible = 0;
			defaultConfigurationName = Release;
		};
		24FC853327CEBF3B0008D03B /* Build configuration list for PBXNativeTarget "Kolluru_SearchApp" */ = {
			isa = XCConfigurationList;
			buildConfigurations = (
				24FC853427CEBF3B0008D03B /* Debug */,
				24FC853527CEBF3B0008D03B /* Release */,
			);
			defaultConfigurationIsVisible = 0;
			defaultConfigurationName = Release;
		};
		24FC853627CEBF3B0008D03B /* Build configuration list for PBXNativeTarget "Kolluru_SearchAppTests" */ = {
			isa = XCConfigurationList;
			buildConfigurations = (
				24FC853727CEBF3B0008D03B /* Debug */,
				24FC853827CEBF3B0008D03B /* Release */,
			);
			defaultConfigurationIsVisible = 0;
			defaultConfigurationName = Release;
		};
		24FC853927CEBF3B0008D03B /* Build configuration list for PBXNativeTarget "Kolluru_SearchAppUITests" */ = {
			isa = XCConfigurationList;
			buildConfigurations = (
				24FC853A27CEBF3B0008D03B /* Debug */,
				24FC853B27CEBF3B0008D03B /* Release */,
			);
			defaultConfigurationIsVisible = 0;
			defaultConfigurationName = Release;
		};
/* End XCConfigurationList section */
	};
	rootObject = 24FC850127CEBF3A0008D03B /* Project object */;
}
