// !$*UTF8*$!
{
	archiveVersion = 1;
	classes = {
	};
	objectVersion = 55;
	objects = {

/* Begin PBXBuildFile section */
		24FC84D127CEB5990008D03B /* AppDelegate.swift in Sources */ = {isa = PBXBuildFile; fileRef = 24FC84D027CEB5990008D03B /* AppDelegate.swift */; };
		24FC84D327CEB5990008D03B /* SceneDelegate.swift in Sources */ = {isa = PBXBuildFile; fileRef = 24FC84D227CEB5990008D03B /* SceneDelegate.swift */; };
		24FC84D527CEB5990008D03B /* ViewController.swift in Sources */ = {isa = PBXBuildFile; fileRef = 24FC84D427CEB5990008D03B /* ViewController.swift */; };
		24FC84D827CEB5990008D03B /* Main.storyboard in Resources */ = {isa = PBXBuildFile; fileRef = 24FC84D627CEB5990008D03B /* Main.storyboard */; };
		24FC84DA27CEB59B0008D03B /* Assets.xcassets in Resources */ = {isa = PBXBuildFile; fileRef = 24FC84D927CEB59B0008D03B /* Assets.xcassets */; };
		24FC84DD27CEB59B0008D03B /* LaunchScreen.storyboard in Resources */ = {isa = PBXBuildFile; fileRef = 24FC84DB27CEB59B0008D03B /* LaunchScreen.storyboard */; };
		24FC84E827CEB59B0008D03B /* CoordinatesSystemsDemoTests.swift in Sources */ = {isa = PBXBuildFile; fileRef = 24FC84E727CEB59B0008D03B /* CoordinatesSystemsDemoTests.swift */; };
		24FC84F227CEB59B0008D03B /* CoordinatesSystemsDemoUITests.swift in Sources */ = {isa = PBXBuildFile; fileRef = 24FC84F127CEB59B0008D03B /* CoordinatesSystemsDemoUITests.swift */; };
		24FC84F427CEB59B0008D03B /* CoordinatesSystemsDemoUITestsLaunchTests.swift in Sources */ = {isa = PBXBuildFile; fileRef = 24FC84F327CEB59B0008D03B /* CoordinatesSystemsDemoUITestsLaunchTests.swift */; };
/* End PBXBuildFile section */

/* Begin PBXContainerItemProxy section */
		24FC84E427CEB59B0008D03B /* PBXContainerItemProxy */ = {
			isa = PBXContainerItemProxy;
			containerPortal = 24FC84C527CEB5990008D03B /* Project object */;
			proxyType = 1;
			remoteGlobalIDString = 24FC84CC27CEB5990008D03B;
			remoteInfo = CoordinatesSystemsDemo;
		};
		24FC84EE27CEB59B0008D03B /* PBXContainerItemProxy */ = {
			isa = PBXContainerItemProxy;
			containerPortal = 24FC84C527CEB5990008D03B /* Project object */;
			proxyType = 1;
			remoteGlobalIDString = 24FC84CC27CEB5990008D03B;
			remoteInfo = CoordinatesSystemsDemo;
		};
/* End PBXContainerItemProxy section */

/* Begin PBXFileReference section */
		24FC84CD27CEB5990008D03B /* CoordinatesSystemsDemo.app */ = {isa = PBXFileReference; explicitFileType = wrapper.application; includeInIndex = 0; path = CoordinatesSystemsDemo.app; sourceTree = BUILT_PRODUCTS_DIR; };
		24FC84D027CEB5990008D03B /* AppDelegate.swift */ = {isa = PBXFileReference; lastKnownFileType = sourcecode.swift; path = AppDelegate.swift; sourceTree = "<group>"; };
		24FC84D227CEB5990008D03B /* SceneDelegate.swift */ = {isa = PBXFileReference; lastKnownFileType = sourcecode.swift; path = SceneDelegate.swift; sourceTree = "<group>"; };
		24FC84D427CEB5990008D03B /* ViewController.swift */ = {isa = PBXFileReference; lastKnownFileType = sourcecode.swift; path = ViewController.swift; sourceTree = "<group>"; };
		24FC84D727CEB5990008D03B /* Base */ = {isa = PBXFileReference; lastKnownFileType = file.storyboard; name = Base; path = Base.lproj/Main.storyboard; sourceTree = "<group>"; };
		24FC84D927CEB59B0008D03B /* Assets.xcassets */ = {isa = PBXFileReference; lastKnownFileType = folder.assetcatalog; path = Assets.xcassets; sourceTree = "<group>"; };
		24FC84DC27CEB59B0008D03B /* Base */ = {isa = PBXFileReference; lastKnownFileType = file.storyboard; name = Base; path = Base.lproj/LaunchScreen.storyboard; sourceTree = "<group>"; };
		24FC84DE27CEB59B0008D03B /* Info.plist */ = {isa = PBXFileReference; lastKnownFileType = text.plist.xml; path = Info.plist; sourceTree = "<group>"; };
		24FC84E327CEB59B0008D03B /* CoordinatesSystemsDemoTests.xctest */ = {isa = PBXFileReference; explicitFileType = wrapper.cfbundle; includeInIndex = 0; path = CoordinatesSystemsDemoTests.xctest; sourceTree = BUILT_PRODUCTS_DIR; };
		24FC84E727CEB59B0008D03B /* CoordinatesSystemsDemoTests.swift */ = {isa = PBXFileReference; lastKnownFileType = sourcecode.swift; path = CoordinatesSystemsDemoTests.swift; sourceTree = "<group>"; };
		24FC84ED27CEB59B0008D03B /* CoordinatesSystemsDemoUITests.xctest */ = {isa = PBXFileReference; explicitFileType = wrapper.cfbundle; includeInIndex = 0; path = CoordinatesSystemsDemoUITests.xctest; sourceTree = BUILT_PRODUCTS_DIR; };
		24FC84F127CEB59B0008D03B /* CoordinatesSystemsDemoUITests.swift */ = {isa = PBXFileReference; lastKnownFileType = sourcecode.swift; path = CoordinatesSystemsDemoUITests.swift; sourceTree = "<group>"; };
		24FC84F327CEB59B0008D03B /* CoordinatesSystemsDemoUITestsLaunchTests.swift */ = {isa = PBXFileReference; lastKnownFileType = sourcecode.swift; path = CoordinatesSystemsDemoUITestsLaunchTests.swift; sourceTree = "<group>"; };
/* End PBXFileReference section */

/* Begin PBXFrameworksBuildPhase section */
		24FC84CA27CEB5990008D03B /* Frameworks */ = {
			isa = PBXFrameworksBuildPhase;
			buildActionMask = 2147483647;
			files = (
			);
			runOnlyForDeploymentPostprocessing = 0;
		};
		24FC84E027CEB59B0008D03B /* Frameworks */ = {
			isa = PBXFrameworksBuildPhase;
			buildActionMask = 2147483647;
			files = (
			);
			runOnlyForDeploymentPostprocessing = 0;
		};
		24FC84EA27CEB59B0008D03B /* Frameworks */ = {
			isa = PBXFrameworksBuildPhase;
			buildActionMask = 2147483647;
			files = (
			);
			runOnlyForDeploymentPostprocessing = 0;
		};
/* End PBXFrameworksBuildPhase section */

/* Begin PBXGroup section */
		24FC84C427CEB5990008D03B = {
			isa = PBXGroup;
			children = (
				24FC84CF27CEB5990008D03B /* CoordinatesSystemsDemo */,
				24FC84E627CEB59B0008D03B /* CoordinatesSystemsDemoTests */,
				24FC84F027CEB59B0008D03B /* CoordinatesSystemsDemoUITests */,
				24FC84CE27CEB5990008D03B /* Products */,
			);
			sourceTree = "<group>";
		};
		24FC84CE27CEB5990008D03B /* Products */ = {
			isa = PBXGroup;
			children = (
				24FC84CD27CEB5990008D03B /* CoordinatesSystemsDemo.app */,
				24FC84E327CEB59B0008D03B /* CoordinatesSystemsDemoTests.xctest */,
				24FC84ED27CEB59B0008D03B /* CoordinatesSystemsDemoUITests.xctest */,
			);
			name = Products;
			sourceTree = "<group>";
		};
		24FC84CF27CEB5990008D03B /* CoordinatesSystemsDemo */ = {
			isa = PBXGroup;
			children = (
				24FC84D027CEB5990008D03B /* AppDelegate.swift */,
				24FC84D227CEB5990008D03B /* SceneDelegate.swift */,
				24FC84D427CEB5990008D03B /* ViewController.swift */,
				24FC84D627CEB5990008D03B /* Main.storyboard */,
				24FC84D927CEB59B0008D03B /* Assets.xcassets */,
				24FC84DB27CEB59B0008D03B /* LaunchScreen.storyboard */,
				24FC84DE27CEB59B0008D03B /* Info.plist */,
			);
			path = CoordinatesSystemsDemo;
			sourceTree = "<group>";
		};
		24FC84E627CEB59B0008D03B /* CoordinatesSystemsDemoTests */ = {
			isa = PBXGroup;
			children = (
				24FC84E727CEB59B0008D03B /* CoordinatesSystemsDemoTests.swift */,
			);
			path = CoordinatesSystemsDemoTests;
			sourceTree = "<group>";
		};
		24FC84F027CEB59B0008D03B /* CoordinatesSystemsDemoUITests */ = {
			isa = PBXGroup;
			children = (
				24FC84F127CEB59B0008D03B /* CoordinatesSystemsDemoUITests.swift */,
				24FC84F327CEB59B0008D03B /* CoordinatesSystemsDemoUITestsLaunchTests.swift */,
			);
			path = CoordinatesSystemsDemoUITests;
			sourceTree = "<group>";
		};
/* End PBXGroup section */

/* Begin PBXNativeTarget section */
		24FC84CC27CEB5990008D03B /* CoordinatesSystemsDemo */ = {
			isa = PBXNativeTarget;
			buildConfigurationList = 24FC84F727CEB59B0008D03B /* Build configuration list for PBXNativeTarget "CoordinatesSystemsDemo" */;
			buildPhases = (
				24FC84C927CEB5990008D03B /* Sources */,
				24FC84CA27CEB5990008D03B /* Frameworks */,
				24FC84CB27CEB5990008D03B /* Resources */,
			);
			buildRules = (
			);
			dependencies = (
			);
			name = CoordinatesSystemsDemo;
			productName = CoordinatesSystemsDemo;
			productReference = 24FC84CD27CEB5990008D03B /* CoordinatesSystemsDemo.app */;
			productType = "com.apple.product-type.application";
		};
		24FC84E227CEB59B0008D03B /* CoordinatesSystemsDemoTests */ = {
			isa = PBXNativeTarget;
			buildConfigurationList = 24FC84FA27CEB59B0008D03B /* Build configuration list for PBXNativeTarget "CoordinatesSystemsDemoTests" */;
			buildPhases = (
				24FC84DF27CEB59B0008D03B /* Sources */,
				24FC84E027CEB59B0008D03B /* Frameworks */,
				24FC84E127CEB59B0008D03B /* Resources */,
			);
			buildRules = (
			);
			dependencies = (
				24FC84E527CEB59B0008D03B /* PBXTargetDependency */,
			);
			name = CoordinatesSystemsDemoTests;
			productName = CoordinatesSystemsDemoTests;
			productReference = 24FC84E327CEB59B0008D03B /* CoordinatesSystemsDemoTests.xctest */;
			productType = "com.apple.product-type.bundle.unit-test";
		};
		24FC84EC27CEB59B0008D03B /* CoordinatesSystemsDemoUITests */ = {
			isa = PBXNativeTarget;
			buildConfigurationList = 24FC84FD27CEB59B0008D03B /* Build configuration list for PBXNativeTarget "CoordinatesSystemsDemoUITests" */;
			buildPhases = (
				24FC84E927CEB59B0008D03B /* Sources */,
				24FC84EA27CEB59B0008D03B /* Frameworks */,
				24FC84EB27CEB59B0008D03B /* Resources */,
			);
			buildRules = (
			);
			dependencies = (
				24FC84EF27CEB59B0008D03B /* PBXTargetDependency */,
			);
			name = CoordinatesSystemsDemoUITests;
			productName = CoordinatesSystemsDemoUITests;
			productReference = 24FC84ED27CEB59B0008D03B /* CoordinatesSystemsDemoUITests.xctest */;
			productType = "com.apple.product-type.bundle.ui-testing";
		};
/* End PBXNativeTarget section */

/* Begin PBXProject section */
		24FC84C527CEB5990008D03B /* Project object */ = {
			isa = PBXProject;
			attributes = {
				BuildIndependentTargetsInParallel = 1;
				LastSwiftUpdateCheck = 1320;
				LastUpgradeCheck = 1320;
				TargetAttributes = {
					24FC84CC27CEB5990008D03B = {
						CreatedOnToolsVersion = 13.2.1;
					};
					24FC84E227CEB59B0008D03B = {
						CreatedOnToolsVersion = 13.2.1;
						TestTargetID = 24FC84CC27CEB5990008D03B;
					};
					24FC84EC27CEB59B0008D03B = {
						CreatedOnToolsVersion = 13.2.1;
						TestTargetID = 24FC84CC27CEB5990008D03B;
					};
				};
			};
			buildConfigurationList = 24FC84C827CEB5990008D03B /* Build configuration list for PBXProject "CoordinatesSystemsDemo" */;
			compatibilityVersion = "Xcode 13.0";
			developmentRegion = en;
			hasScannedForEncodings = 0;
			knownRegions = (
				en,
				Base,
			);
			mainGroup = 24FC84C427CEB5990008D03B;
			productRefGroup = 24FC84CE27CEB5990008D03B /* Products */;
			projectDirPath = "";
			projectRoot = "";
			targets = (
				24FC84CC27CEB5990008D03B /* CoordinatesSystemsDemo */,
				24FC84E227CEB59B0008D03B /* CoordinatesSystemsDemoTests */,
				24FC84EC27CEB59B0008D03B /* CoordinatesSystemsDemoUITests */,
			);
		};
/* End PBXProject section */

/* Begin PBXResourcesBuildPhase section */
		24FC84CB27CEB5990008D03B /* Resources */ = {
			isa = PBXResourcesBuildPhase;
			buildActionMask = 2147483647;
			files = (
				24FC84DD27CEB59B0008D03B /* LaunchScreen.storyboard in Resources */,
				24FC84DA27CEB59B0008D03B /* Assets.xcassets in Resources */,
				24FC84D827CEB5990008D03B /* Main.storyboard in Resources */,
			);
			runOnlyForDeploymentPostprocessing = 0;
		};
		24FC84E127CEB59B0008D03B /* Resources */ = {
			isa = PBXResourcesBuildPhase;
			buildActionMask = 2147483647;
			files = (
			);
			runOnlyForDeploymentPostprocessing = 0;
		};
		24FC84EB27CEB59B0008D03B /* Resources */ = {
			isa = PBXResourcesBuildPhase;
			buildActionMask = 2147483647;
			files = (
			);
			runOnlyForDeploymentPostprocessing = 0;
		};
/* End PBXResourcesBuildPhase section */

/* Begin PBXSourcesBuildPhase section */
		24FC84C927CEB5990008D03B /* Sources */ = {
			isa = PBXSourcesBuildPhase;
			buildActionMask = 2147483647;
			files = (
				24FC84D527CEB5990008D03B /* ViewController.swift in Sources */,
				24FC84D127CEB5990008D03B /* AppDelegate.swift in Sources */,
				24FC84D327CEB5990008D03B /* SceneDelegate.swift in Sources */,
			);
			runOnlyForDeploymentPostprocessing = 0;
		};
		24FC84DF27CEB59B0008D03B /* Sources */ = {
			isa = PBXSourcesBuildPhase;
			buildActionMask = 2147483647;
			files = (
				24FC84E827CEB59B0008D03B /* CoordinatesSystemsDemoTests.swift in Sources */,
			);
			runOnlyForDeploymentPostprocessing = 0;
		};
		24FC84E927CEB59B0008D03B /* Sources */ = {
			isa = PBXSourcesBuildPhase;
			buildActionMask = 2147483647;
			files = (
				24FC84F427CEB59B0008D03B /* CoordinatesSystemsDemoUITestsLaunchTests.swift in Sources */,
				24FC84F227CEB59B0008D03B /* CoordinatesSystemsDemoUITests.swift in Sources */,
			);
			runOnlyForDeploymentPostprocessing = 0;
		};
/* End PBXSourcesBuildPhase section */

/* Begin PBXTargetDependency section */
		24FC84E527CEB59B0008D03B /* PBXTargetDependency */ = {
			isa = PBXTargetDependency;
			target = 24FC84CC27CEB5990008D03B /* CoordinatesSystemsDemo */;
			targetProxy = 24FC84E427CEB59B0008D03B /* PBXContainerItemProxy */;
		};
		24FC84EF27CEB59B0008D03B /* PBXTargetDependency */ = {
			isa = PBXTargetDependency;
			target = 24FC84CC27CEB5990008D03B /* CoordinatesSystemsDemo */;
			targetProxy = 24FC84EE27CEB59B0008D03B /* PBXContainerItemProxy */;
		};
/* End PBXTargetDependency section */

/* Begin PBXVariantGroup section */
		24FC84D627CEB5990008D03B /* Main.storyboard */ = {
			isa = PBXVariantGroup;
			children = (
				24FC84D727CEB5990008D03B /* Base */,
			);
			name = Main.storyboard;
			sourceTree = "<group>";
		};
		24FC84DB27CEB59B0008D03B /* LaunchScreen.storyboard */ = {
			isa = PBXVariantGroup;
			children = (
				24FC84DC27CEB59B0008D03B /* Base */,
			);
			name = LaunchScreen.storyboard;
			sourceTree = "<group>";
		};
/* End PBXVariantGroup section */

/* Begin XCBuildConfiguration section */
		24FC84F527CEB59B0008D03B /* Debug */ = {
			isa = XCBuildConfiguration;
			buildSettings = {
				ALWAYS_SEARCH_USER_PATHS = NO;
				CLANG_ANALYZER_NONNULL = YES;
				CLANG_ANALYZER_NUMBER_OBJECT_CONVERSION = YES_AGGRESSIVE;
				CLANG_CXX_LANGUAGE_STANDARD = "gnu++17";
				CLANG_CXX_LIBRARY = "libc++";
				CLANG_ENABLE_MODULES = YES;
				CLANG_ENABLE_OBJC_ARC = YES;
				CLANG_ENABLE_OBJC_WEAK = YES;
				CLANG_WARN_BLOCK_CAPTURE_AUTORELEASING = YES;
				CLANG_WARN_BOOL_CONVERSION = YES;
				CLANG_WARN_COMMA = YES;
				CLANG_WARN_CONSTANT_CONVERSION = YES;
				CLANG_WARN_DEPRECATED_OBJC_IMPLEMENTATIONS = YES;
				CLANG_WARN_DIRECT_OBJC_ISA_USAGE = YES_ERROR;
				CLANG_WARN_DOCUMENTATION_COMMENTS = YES;
				CLANG_WARN_EMPTY_BODY = YES;
				CLANG_WARN_ENUM_CONVERSION = YES;
				CLANG_WARN_INFINITE_RECURSION = YES;
				CLANG_WARN_INT_CONVERSION = YES;
				CLANG_WARN_NON_LITERAL_NULL_CONVERSION = YES;
				CLANG_WARN_OBJC_IMPLICIT_RETAIN_SELF = YES;
				CLANG_WARN_OBJC_LITERAL_CONVERSION = YES;
				CLANG_WARN_OBJC_ROOT_CLASS = YES_ERROR;
				CLANG_WARN_QUOTED_INCLUDE_IN_FRAMEWORK_HEADER = YES;
				CLANG_WARN_RANGE_LOOP_ANALYSIS = YES;
				CLANG_WARN_STRICT_PROTOTYPES = YES;
				CLANG_WARN_SUSPICIOUS_MOVE = YES;
				CLANG_WARN_UNGUARDED_AVAILABILITY = YES_AGGRESSIVE;
				CLANG_WARN_UNREACHABLE_CODE = YES;
				CLANG_WARN__DUPLICATE_METHOD_MATCH = YES;
				COPY_PHASE_STRIP = NO;
				DEBUG_INFORMATION_FORMAT = dwarf;
				ENABLE_STRICT_OBJC_MSGSEND = YES;
				ENABLE_TESTABILITY = YES;
				GCC_C_LANGUAGE_STANDARD = gnu11;
				GCC_DYNAMIC_NO_PIC = NO;
				GCC_NO_COMMON_BLOCKS = YES;
				GCC_OPTIMIZATION_LEVEL = 0;
				GCC_PREPROCESSOR_DEFINITIONS = (
					"DEBUG=1",
					"$(inherited)",
				);
				GCC_WARN_64_TO_32_BIT_CONVERSION = YES;
				GCC_WARN_ABOUT_RETURN_TYPE = YES_ERROR;
				GCC_WARN_UNDECLARED_SELECTOR = YES;
				GCC_WARN_UNINITIALIZED_AUTOS = YES_AGGRESSIVE;
				GCC_WARN_UNUSED_FUNCTION = YES;
				GCC_WARN_UNUSED_VARIABLE = YES;
				IPHONEOS_DEPLOYMENT_TARGET = 15.2;
				MTL_ENABLE_DEBUG_INFO = INCLUDE_SOURCE;
				MTL_FAST_MATH = YES;
				ONLY_ACTIVE_ARCH = YES;
				SDKROOT = iphoneos;
				SWIFT_ACTIVE_COMPILATION_CONDITIONS = DEBUG;
				SWIFT_OPTIMIZATION_LEVEL = "-Onone";
			};
			name = Debug;
		};
		24FC84F627CEB59B0008D03B /* Release */ = {
			isa = XCBuildConfiguration;
			buildSettings = {
				ALWAYS_SEARCH_USER_PATHS = NO;
				CLANG_ANALYZER_NONNULL = YES;
				CLANG_ANALYZER_NUMBER_OBJECT_CONVERSION = YES_AGGRESSIVE;
				CLANG_CXX_LANGUAGE_STANDARD = "gnu++17";
				CLANG_CXX_LIBRARY = "libc++";
				CLANG_ENABLE_MODULES = YES;
				CLANG_ENABLE_OBJC_ARC = YES;
				CLANG_ENABLE_OBJC_WEAK = YES;
				CLANG_WARN_BLOCK_CAPTURE_AUTORELEASING = YES;
				CLANG_WARN_BOOL_CONVERSION = YES;
				CLANG_WARN_COMMA = YES;
				CLANG_WARN_CONSTANT_CONVERSION = YES;
				CLANG_WARN_DEPRECATED_OBJC_IMPLEMENTATIONS = YES;
				CLANG_WARN_DIRECT_OBJC_ISA_USAGE = YES_ERROR;
				CLANG_WARN_DOCUMENTATION_COMMENTS = YES;
				CLANG_WARN_EMPTY_BODY = YES;
				CLANG_WARN_ENUM_CONVERSION = YES;
				CLANG_WARN_INFINITE_RECURSION = YES;
				CLANG_WARN_INT_CONVERSION = YES;
				CLANG_WARN_NON_LITERAL_NULL_CONVERSION = YES;
				CLANG_WARN_OBJC_IMPLICIT_RETAIN_SELF = YES;
				CLANG_WARN_OBJC_LITERAL_CONVERSION = YES;
				CLANG_WARN_OBJC_ROOT_CLASS = YES_ERROR;
				CLANG_WARN_QUOTED_INCLUDE_IN_FRAMEWORK_HEADER = YES;
				CLANG_WARN_RANGE_LOOP_ANALYSIS = YES;
				CLANG_WARN_STRICT_PROTOTYPES = YES;
				CLANG_WARN_SUSPICIOUS_MOVE = YES;
				CLANG_WARN_UNGUARDED_AVAILABILITY = YES_AGGRESSIVE;
				CLANG_WARN_UNREACHABLE_CODE = YES;
				CLANG_WARN__DUPLICATE_METHOD_MATCH = YES;
				COPY_PHASE_STRIP = NO;
				DEBUG_INFORMATION_FORMAT = "dwarf-with-dsym";
				ENABLE_NS_ASSERTIONS = NO;
				ENABLE_STRICT_OBJC_MSGSEND = YES;
				GCC_C_LANGUAGE_STANDARD = gnu11;
				GCC_NO_COMMON_BLOCKS = YES;
				GCC_WARN_64_TO_32_BIT_CONVERSION = YES;
				GCC_WARN_ABOUT_RETURN_TYPE = YES_ERROR;
				GCC_WARN_UNDECLARED_SELECTOR = YES;
				GCC_WARN_UNINITIALIZED_AUTOS = YES_AGGRESSIVE;
				GCC_WARN_UNUSED_FUNCTION = YES;
				GCC_WARN_UNUSED_VARIABLE = YES;
				IPHONEOS_DEPLOYMENT_TARGET = 15.2;
				MTL_ENABLE_DEBUG_INFO = NO;
				MTL_FAST_MATH = YES;
				SDKROOT = iphoneos;
				SWIFT_COMPILATION_MODE = wholemodule;
				SWIFT_OPTIMIZATION_LEVEL = "-O";
				VALIDATE_PRODUCT = YES;
			};
			name = Release;
		};
		24FC84F827CEB59B0008D03B /* Debug */ = {
			isa = XCBuildConfiguration;
			buildSettings = {
				ASSETCATALOG_COMPILER_APPICON_NAME = AppIcon;
				ASSETCATALOG_COMPILER_GLOBAL_ACCENT_COLOR_NAME = AccentColor;
				CODE_SIGN_STYLE = Automatic;
				CURRENT_PROJECT_VERSION = 1;
				GENERATE_INFOPLIST_FILE = YES;
				INFOPLIST_FILE = CoordinatesSystemsDemo/Info.plist;
				INFOPLIST_KEY_CFBundleDisplayName = CoordinatesSystemsDemo;
				INFOPLIST_KEY_UIApplicationSupportsIndirectInputEvents = YES;
				INFOPLIST_KEY_UILaunchStoryboardName = LaunchScreen;
				INFOPLIST_KEY_UIMainStoryboardFile = Main;
				INFOPLIST_KEY_UISupportedInterfaceOrientations_iPad = "UIInterfaceOrientationPortrait UIInterfaceOrientationPortraitUpsideDown UIInterfaceOrientationLandscapeLeft UIInterfaceOrientationLandscapeRight";
				INFOPLIST_KEY_UISupportedInterfaceOrientations_iPhone = "UIInterfaceOrientationPortrait UIInterfaceOrientationLandscapeLeft UIInterfaceOrientationLandscapeRight";
				LD_RUNPATH_SEARCH_PATHS = (
					"$(inherited)",
					"@executable_path/Frameworks",
				);
				MARKETING_VERSION = 1.0;
				PRODUCT_BUNDLE_IDENTIFIER = nwmsu.CoordinatesSystemsDemo;
				PRODUCT_NAME = "$(TARGET_NAME)";
				SWIFT_EMIT_LOC_STRINGS = YES;
				SWIFT_VERSION = 5.0;
				TARGETED_DEVICE_FAMILY = "1,2";
			};
			name = Debug;
		};
		24FC84F927CEB59B0008D03B /* Release */ = {
			isa = XCBuildConfiguration;
			buildSettings = {
				ASSETCATALOG_COMPILER_APPICON_NAME = AppIcon;
				ASSETCATALOG_COMPILER_GLOBAL_ACCENT_COLOR_NAME = AccentColor;
				CODE_SIGN_STYLE = Automatic;
				CURRENT_PROJECT_VERSION = 1;
				GENERATE_INFOPLIST_FILE = YES;
				INFOPLIST_FILE = CoordinatesSystemsDemo/Info.plist;
				INFOPLIST_KEY_CFBundleDisplayName = CoordinatesSystemsDemo;
				INFOPLIST_KEY_UIApplicationSupportsIndirectInputEvents = YES;
				INFOPLIST_KEY_UILaunchStoryboardName = LaunchScreen;
				INFOPLIST_KEY_UIMainStoryboardFile = Main;
				INFOPLIST_KEY_UISupportedInterfaceOrientations_iPad = "UIInterfaceOrientationPortrait UIInterfaceOrientationPortraitUpsideDown UIInterfaceOrientationLandscapeLeft UIInterfaceOrientationLandscapeRight";
				INFOPLIST_KEY_UISupportedInterfaceOrientations_iPhone = "UIInterfaceOrientationPortrait UIInterfaceOrientationLandscapeLeft UIInterfaceOrientationLandscapeRight";
				LD_RUNPATH_SEARCH_PATHS = (
					"$(inherited)",
					"@executable_path/Frameworks",
				);
				MARKETING_VERSION = 1.0;
				PRODUCT_BUNDLE_IDENTIFIER = nwmsu.CoordinatesSystemsDemo;
				PRODUCT_NAME = "$(TARGET_NAME)";
				SWIFT_EMIT_LOC_STRINGS = YES;
				SWIFT_VERSION = 5.0;
				TARGETED_DEVICE_FAMILY = "1,2";
			};
			name = Release;
		};
		24FC84FB27CEB59B0008D03B /* Debug */ = {
			isa = XCBuildConfiguration;
			buildSettings = {
				ALWAYS_EMBED_SWIFT_STANDARD_LIBRARIES = YES;
				BUNDLE_LOADER = "$(TEST_HOST)";
				CODE_SIGN_STYLE = Automatic;
				CURRENT_PROJECT_VERSION = 1;
				GENERATE_INFOPLIST_FILE = YES;
				IPHONEOS_DEPLOYMENT_TARGET = 15.2;
				MARKETING_VERSION = 1.0;
				PRODUCT_BUNDLE_IDENTIFIER = nwmsu.CoordinatesSystemsDemoTests;
				PRODUCT_NAME = "$(TARGET_NAME)";
				SWIFT_EMIT_LOC_STRINGS = NO;
				SWIFT_VERSION = 5.0;
				TARGETED_DEVICE_FAMILY = "1,2";
				TEST_HOST = "$(BUILT_PRODUCTS_DIR)/CoordinatesSystemsDemo.app/CoordinatesSystemsDemo";
			};
			name = Debug;
		};
		24FC84FC27CEB59B0008D03B /* Release */ = {
			isa = XCBuildConfiguration;
			buildSettings = {
				ALWAYS_EMBED_SWIFT_STANDARD_LIBRARIES = YES;
				BUNDLE_LOADER = "$(TEST_HOST)";
				CODE_SIGN_STYLE = Automatic;
				CURRENT_PROJECT_VERSION = 1;
				GENERATE_INFOPLIST_FILE = YES;
				IPHONEOS_DEPLOYMENT_TARGET = 15.2;
				MARKETING_VERSION = 1.0;
				PRODUCT_BUNDLE_IDENTIFIER = nwmsu.CoordinatesSystemsDemoTests;
				PRODUCT_NAME = "$(TARGET_NAME)";
				SWIFT_EMIT_LOC_STRINGS = NO;
				SWIFT_VERSION = 5.0;
				TARGETED_DEVICE_FAMILY = "1,2";
				TEST_HOST = "$(BUILT_PRODUCTS_DIR)/CoordinatesSystemsDemo.app/CoordinatesSystemsDemo";
			};
			name = Release;
		};
		24FC84FE27CEB59B0008D03B /* Debug */ = {
			isa = XCBuildConfiguration;
			buildSettings = {
				ALWAYS_EMBED_SWIFT_STANDARD_LIBRARIES = YES;
				CODE_SIGN_STYLE = Automatic;
				CURRENT_PROJECT_VERSION = 1;
				GENERATE_INFOPLIST_FILE = YES;
				MARKETING_VERSION = 1.0;
				PRODUCT_BUNDLE_IDENTIFIER = nwmsu.CoordinatesSystemsDemoUITests;
				PRODUCT_NAME = "$(TARGET_NAME)";
				SWIFT_EMIT_LOC_STRINGS = NO;
				SWIFT_VERSION = 5.0;
				TARGETED_DEVICE_FAMILY = "1,2";
				TEST_TARGET_NAME = CoordinatesSystemsDemo;
			};
			name = Debug;
		};
		24FC84FF27CEB59B0008D03B /* Release */ = {
			isa = XCBuildConfiguration;
			buildSettings = {
				ALWAYS_EMBED_SWIFT_STANDARD_LIBRARIES = YES;
				CODE_SIGN_STYLE = Automatic;
				CURRENT_PROJECT_VERSION = 1;
				GENERATE_INFOPLIST_FILE = YES;
				MARKETING_VERSION = 1.0;
				PRODUCT_BUNDLE_IDENTIFIER = nwmsu.CoordinatesSystemsDemoUITests;
				PRODUCT_NAME = "$(TARGET_NAME)";
				SWIFT_EMIT_LOC_STRINGS = NO;
				SWIFT_VERSION = 5.0;
				TARGETED_DEVICE_FAMILY = "1,2";
				TEST_TARGET_NAME = CoordinatesSystemsDemo;
			};
			name = Release;
		};
/* End XCBuildConfiguration section */

/* Begin XCConfigurationList section */
		24FC84C827CEB5990008D03B /* Build configuration list for PBXProject "CoordinatesSystemsDemo" */ = {
			isa = XCConfigurationList;
			buildConfigurations = (
				24FC84F527CEB59B0008D03B /* Debug */,
				24FC84F627CEB59B0008D03B /* Release */,
			);
			defaultConfigurationIsVisible = 0;
			defaultConfigurationName = Release;
		};
		24FC84F727CEB59B0008D03B /* Build configuration list for PBXNativeTarget "CoordinatesSystemsDemo" */ = {
			isa = XCConfigurationList;
			buildConfigurations = (
				24FC84F827CEB59B0008D03B /* Debug */,
				24FC84F927CEB59B0008D03B /* Release */,
			);
			defaultConfigurationIsVisible = 0;
			defaultConfigurationName = Release;
		};
		24FC84FA27CEB59B0008D03B /* Build configuration list for PBXNativeTarget "CoordinatesSystemsDemoTests" */ = {
			isa = XCConfigurationList;
			buildConfigurations = (
				24FC84FB27CEB59B0008D03B /* Debug */,
				24FC84FC27CEB59B0008D03B /* Release */,
			);
			defaultConfigurationIsVisible = 0;
			defaultConfigurationName = Release;
		};
		24FC84FD27CEB59B0008D03B /* Build configuration list for PBXNativeTarget "CoordinatesSystemsDemoUITests" */ = {
			isa = XCConfigurationList;
			buildConfigurations = (
				24FC84FE27CEB59B0008D03B /* Debug */,
				24FC84FF27CEB59B0008D03B /* Release */,
			);
			defaultConfigurationIsVisible = 0;
			defaultConfigurationName = Release;
		};
/* End XCConfigurationList section */
	};
	rootObject = 24FC84C527CEB5990008D03B /* Project object */;
}
