// !$*UTF8*$!
{
	archiveVersion = 1;
	classes = {
	};
	objectVersion = 55;
	objects = {

/* Begin PBXBuildFile section */
		242CE8EA27EA570200C3F556 /* AppDelegate.swift in Sources */ = {isa = PBXBuildFile; fileRef = 242CE8E927EA570200C3F556 /* AppDelegate.swift */; };
		242CE8EC27EA570200C3F556 /* SceneDelegate.swift in Sources */ = {isa = PBXBuildFile; fileRef = 242CE8EB27EA570200C3F556 /* SceneDelegate.swift */; };
		242CE8EE27EA570200C3F556 /* ViewController.swift in Sources */ = {isa = PBXBuildFile; fileRef = 242CE8ED27EA570200C3F556 /* ViewController.swift */; };
		242CE8F127EA570200C3F556 /* Main.storyboard in Resources */ = {isa = PBXBuildFile; fileRef = 242CE8EF27EA570200C3F556 /* Main.storyboard */; };
		242CE8F327EA570300C3F556 /* Assets.xcassets in Resources */ = {isa = PBXBuildFile; fileRef = 242CE8F227EA570300C3F556 /* Assets.xcassets */; };
		242CE8F627EA570300C3F556 /* LaunchScreen.storyboard in Resources */ = {isa = PBXBuildFile; fileRef = 242CE8F427EA570300C3F556 /* LaunchScreen.storyboard */; };
		242CE90127EA570300C3F556 /* DiscountMultiVCTests.swift in Sources */ = {isa = PBXBuildFile; fileRef = 242CE90027EA570300C3F556 /* DiscountMultiVCTests.swift */; };
		242CE90B27EA570300C3F556 /* DiscountMultiVCUITests.swift in Sources */ = {isa = PBXBuildFile; fileRef = 242CE90A27EA570300C3F556 /* DiscountMultiVCUITests.swift */; };
		242CE90D27EA570300C3F556 /* DiscountMultiVCUITestsLaunchTests.swift in Sources */ = {isa = PBXBuildFile; fileRef = 242CE90C27EA570300C3F556 /* DiscountMultiVCUITestsLaunchTests.swift */; };
		242CE91A27EA5C6800C3F556 /* ResultViewController.swift in Sources */ = {isa = PBXBuildFile; fileRef = 242CE91927EA5C6800C3F556 /* ResultViewController.swift */; };
/* End PBXBuildFile section */

/* Begin PBXContainerItemProxy section */
		242CE8FD27EA570300C3F556 /* PBXContainerItemProxy */ = {
			isa = PBXContainerItemProxy;
			containerPortal = 242CE8DE27EA570200C3F556 /* Project object */;
			proxyType = 1;
			remoteGlobalIDString = 242CE8E527EA570200C3F556;
			remoteInfo = DiscountMultiVC;
		};
		242CE90727EA570300C3F556 /* PBXContainerItemProxy */ = {
			isa = PBXContainerItemProxy;
			containerPortal = 242CE8DE27EA570200C3F556 /* Project object */;
			proxyType = 1;
			remoteGlobalIDString = 242CE8E527EA570200C3F556;
			remoteInfo = DiscountMultiVC;
		};
/* End PBXContainerItemProxy section */

/* Begin PBXFileReference section */
		242CE8E627EA570200C3F556 /* DiscountMultiVC.app */ = {isa = PBXFileReference; explicitFileType = wrapper.application; includeInIndex = 0; path = DiscountMultiVC.app; sourceTree = BUILT_PRODUCTS_DIR; };
		242CE8E927EA570200C3F556 /* AppDelegate.swift */ = {isa = PBXFileReference; lastKnownFileType = sourcecode.swift; path = AppDelegate.swift; sourceTree = "<group>"; };
		242CE8EB27EA570200C3F556 /* SceneDelegate.swift */ = {isa = PBXFileReference; lastKnownFileType = sourcecode.swift; path = SceneDelegate.swift; sourceTree = "<group>"; };
		242CE8ED27EA570200C3F556 /* ViewController.swift */ = {isa = PBXFileReference; lastKnownFileType = sourcecode.swift; path = ViewController.swift; sourceTree = "<group>"; };
		242CE8F027EA570200C3F556 /* Base */ = {isa = PBXFileReference; lastKnownFileType = file.storyboard; name = Base; path = Base.lproj/Main.storyboard; sourceTree = "<group>"; };
		242CE8F227EA570300C3F556 /* Assets.xcassets */ = {isa = PBXFileReference; lastKnownFileType = folder.assetcatalog; path = Assets.xcassets; sourceTree = "<group>"; };
		242CE8F527EA570300C3F556 /* Base */ = {isa = PBXFileReference; lastKnownFileType = file.storyboard; name = Base; path = Base.lproj/LaunchScreen.storyboard; sourceTree = "<group>"; };
		242CE8F727EA570300C3F556 /* Info.plist */ = {isa = PBXFileReference; lastKnownFileType = text.plist.xml; path = Info.plist; sourceTree = "<group>"; };
		242CE8FC27EA570300C3F556 /* DiscountMultiVCTests.xctest */ = {isa = PBXFileReference; explicitFileType = wrapper.cfbundle; includeInIndex = 0; path = DiscountMultiVCTests.xctest; sourceTree = BUILT_PRODUCTS_DIR; };
		242CE90027EA570300C3F556 /* DiscountMultiVCTests.swift */ = {isa = PBXFileReference; lastKnownFileType = sourcecode.swift; path = DiscountMultiVCTests.swift; sourceTree = "<group>"; };
		242CE90627EA570300C3F556 /* DiscountMultiVCUITests.xctest */ = {isa = PBXFileReference; explicitFileType = wrapper.cfbundle; includeInIndex = 0; path = DiscountMultiVCUITests.xctest; sourceTree = BUILT_PRODUCTS_DIR; };
		242CE90A27EA570300C3F556 /* DiscountMultiVCUITests.swift */ = {isa = PBXFileReference; lastKnownFileType = sourcecode.swift; path = DiscountMultiVCUITests.swift; sourceTree = "<group>"; };
		242CE90C27EA570300C3F556 /* DiscountMultiVCUITestsLaunchTests.swift */ = {isa = PBXFileReference; lastKnownFileType = sourcecode.swift; path = DiscountMultiVCUITestsLaunchTests.swift; sourceTree = "<group>"; };
		242CE91927EA5C6800C3F556 /* ResultViewController.swift */ = {isa = PBXFileReference; lastKnownFileType = sourcecode.swift; path = ResultViewController.swift; sourceTree = "<group>"; };
/* End PBXFileReference section */

/* Begin PBXFrameworksBuildPhase section */
		242CE8E327EA570200C3F556 /* Frameworks */ = {
			isa = PBXFrameworksBuildPhase;
			buildActionMask = 2147483647;
			files = (
			);
			runOnlyForDeploymentPostprocessing = 0;
		};
		242CE8F927EA570300C3F556 /* Frameworks */ = {
			isa = PBXFrameworksBuildPhase;
			buildActionMask = 2147483647;
			files = (
			);
			runOnlyForDeploymentPostprocessing = 0;
		};
		242CE90327EA570300C3F556 /* Frameworks */ = {
			isa = PBXFrameworksBuildPhase;
			buildActionMask = 2147483647;
			files = (
			);
			runOnlyForDeploymentPostprocessing = 0;
		};
/* End PBXFrameworksBuildPhase section */

/* Begin PBXGroup section */
		242CE8DD27EA570200C3F556 = {
			isa = PBXGroup;
			children = (
				242CE8E827EA570200C3F556 /* DiscountMultiVC */,
				242CE8FF27EA570300C3F556 /* DiscountMultiVCTests */,
				242CE90927EA570300C3F556 /* DiscountMultiVCUITests */,
				242CE8E727EA570200C3F556 /* Products */,
			);
			sourceTree = "<group>";
		};
		242CE8E727EA570200C3F556 /* Products */ = {
			isa = PBXGroup;
			children = (
				242CE8E627EA570200C3F556 /* DiscountMultiVC.app */,
				242CE8FC27EA570300C3F556 /* DiscountMultiVCTests.xctest */,
				242CE90627EA570300C3F556 /* DiscountMultiVCUITests.xctest */,
			);
			name = Products;
			sourceTree = "<group>";
		};
		242CE8E827EA570200C3F556 /* DiscountMultiVC */ = {
			isa = PBXGroup;
			children = (
				242CE8E927EA570200C3F556 /* AppDelegate.swift */,
				242CE8EB27EA570200C3F556 /* SceneDelegate.swift */,
				242CE8ED27EA570200C3F556 /* ViewController.swift */,
				242CE8EF27EA570200C3F556 /* Main.storyboard */,
				242CE8F227EA570300C3F556 /* Assets.xcassets */,
				242CE8F427EA570300C3F556 /* LaunchScreen.storyboard */,
				242CE8F727EA570300C3F556 /* Info.plist */,
				242CE91927EA5C6800C3F556 /* ResultViewController.swift */,
			);
			path = DiscountMultiVC;
			sourceTree = "<group>";
		};
		242CE8FF27EA570300C3F556 /* DiscountMultiVCTests */ = {
			isa = PBXGroup;
			children = (
				242CE90027EA570300C3F556 /* DiscountMultiVCTests.swift */,
			);
			path = DiscountMultiVCTests;
			sourceTree = "<group>";
		};
		242CE90927EA570300C3F556 /* DiscountMultiVCUITests */ = {
			isa = PBXGroup;
			children = (
				242CE90A27EA570300C3F556 /* DiscountMultiVCUITests.swift */,
				242CE90C27EA570300C3F556 /* DiscountMultiVCUITestsLaunchTests.swift */,
			);
			path = DiscountMultiVCUITests;
			sourceTree = "<group>";
		};
/* End PBXGroup section */

/* Begin PBXNativeTarget section */
		242CE8E527EA570200C3F556 /* DiscountMultiVC */ = {
			isa = PBXNativeTarget;
			buildConfigurationList = 242CE91027EA570300C3F556 /* Build configuration list for PBXNativeTarget "DiscountMultiVC" */;
			buildPhases = (
				242CE8E227EA570200C3F556 /* Sources */,
				242CE8E327EA570200C3F556 /* Frameworks */,
				242CE8E427EA570200C3F556 /* Resources */,
			);
			buildRules = (
			);
			dependencies = (
			);
			name = DiscountMultiVC;
			productName = DiscountMultiVC;
			productReference = 242CE8E627EA570200C3F556 /* DiscountMultiVC.app */;
			productType = "com.apple.product-type.application";
		};
		242CE8FB27EA570300C3F556 /* DiscountMultiVCTests */ = {
			isa = PBXNativeTarget;
			buildConfigurationList = 242CE91327EA570300C3F556 /* Build configuration list for PBXNativeTarget "DiscountMultiVCTests" */;
			buildPhases = (
				242CE8F827EA570300C3F556 /* Sources */,
				242CE8F927EA570300C3F556 /* Frameworks */,
				242CE8FA27EA570300C3F556 /* Resources */,
			);
			buildRules = (
			);
			dependencies = (
				242CE8FE27EA570300C3F556 /* PBXTargetDependency */,
			);
			name = DiscountMultiVCTests;
			productName = DiscountMultiVCTests;
			productReference = 242CE8FC27EA570300C3F556 /* DiscountMultiVCTests.xctest */;
			productType = "com.apple.product-type.bundle.unit-test";
		};
		242CE90527EA570300C3F556 /* DiscountMultiVCUITests */ = {
			isa = PBXNativeTarget;
			buildConfigurationList = 242CE91627EA570300C3F556 /* Build configuration list for PBXNativeTarget "DiscountMultiVCUITests" */;
			buildPhases = (
				242CE90227EA570300C3F556 /* Sources */,
				242CE90327EA570300C3F556 /* Frameworks */,
				242CE90427EA570300C3F556 /* Resources */,
			);
			buildRules = (
			);
			dependencies = (
				242CE90827EA570300C3F556 /* PBXTargetDependency */,
			);
			name = DiscountMultiVCUITests;
			productName = DiscountMultiVCUITests;
			productReference = 242CE90627EA570300C3F556 /* DiscountMultiVCUITests.xctest */;
			productType = "com.apple.product-type.bundle.ui-testing";
		};
/* End PBXNativeTarget section */

/* Begin PBXProject section */
		242CE8DE27EA570200C3F556 /* Project object */ = {
			isa = PBXProject;
			attributes = {
				BuildIndependentTargetsInParallel = 1;
				LastSwiftUpdateCheck = 1320;
				LastUpgradeCheck = 1320;
				TargetAttributes = {
					242CE8E527EA570200C3F556 = {
						CreatedOnToolsVersion = 13.2.1;
					};
					242CE8FB27EA570300C3F556 = {
						CreatedOnToolsVersion = 13.2.1;
						TestTargetID = 242CE8E527EA570200C3F556;
					};
					242CE90527EA570300C3F556 = {
						CreatedOnToolsVersion = 13.2.1;
						TestTargetID = 242CE8E527EA570200C3F556;
					};
				};
			};
			buildConfigurationList = 242CE8E127EA570200C3F556 /* Build configuration list for PBXProject "DiscountMultiVC" */;
			compatibilityVersion = "Xcode 13.0";
			developmentRegion = en;
			hasScannedForEncodings = 0;
			knownRegions = (
				en,
				Base,
			);
			mainGroup = 242CE8DD27EA570200C3F556;
			productRefGroup = 242CE8E727EA570200C3F556 /* Products */;
			projectDirPath = "";
			projectRoot = "";
			targets = (
				242CE8E527EA570200C3F556 /* DiscountMultiVC */,
				242CE8FB27EA570300C3F556 /* DiscountMultiVCTests */,
				242CE90527EA570300C3F556 /* DiscountMultiVCUITests */,
			);
		};
/* End PBXProject section */

/* Begin PBXResourcesBuildPhase section */
		242CE8E427EA570200C3F556 /* Resources */ = {
			isa = PBXResourcesBuildPhase;
			buildActionMask = 2147483647;
			files = (
				242CE8F627EA570300C3F556 /* LaunchScreen.storyboard in Resources */,
				242CE8F327EA570300C3F556 /* Assets.xcassets in Resources */,
				242CE8F127EA570200C3F556 /* Main.storyboard in Resources */,
			);
			runOnlyForDeploymentPostprocessing = 0;
		};
		242CE8FA27EA570300C3F556 /* Resources */ = {
			isa = PBXResourcesBuildPhase;
			buildActionMask = 2147483647;
			files = (
			);
			runOnlyForDeploymentPostprocessing = 0;
		};
		242CE90427EA570300C3F556 /* Resources */ = {
			isa = PBXResourcesBuildPhase;
			buildActionMask = 2147483647;
			files = (
			);
			runOnlyForDeploymentPostprocessing = 0;
		};
/* End PBXResourcesBuildPhase section */

/* Begin PBXSourcesBuildPhase section */
		242CE8E227EA570200C3F556 /* Sources */ = {
			isa = PBXSourcesBuildPhase;
			buildActionMask = 2147483647;
			files = (
				242CE8EE27EA570200C3F556 /* ViewController.swift in Sources */,
				242CE8EA27EA570200C3F556 /* AppDelegate.swift in Sources */,
				242CE8EC27EA570200C3F556 /* SceneDelegate.swift in Sources */,
				242CE91A27EA5C6800C3F556 /* ResultViewController.swift in Sources */,
			);
			runOnlyForDeploymentPostprocessing = 0;
		};
		242CE8F827EA570300C3F556 /* Sources */ = {
			isa = PBXSourcesBuildPhase;
			buildActionMask = 2147483647;
			files = (
				242CE90127EA570300C3F556 /* DiscountMultiVCTests.swift in Sources */,
			);
			runOnlyForDeploymentPostprocessing = 0;
		};
		242CE90227EA570300C3F556 /* Sources */ = {
			isa = PBXSourcesBuildPhase;
			buildActionMask = 2147483647;
			files = (
				242CE90D27EA570300C3F556 /* DiscountMultiVCUITestsLaunchTests.swift in Sources */,
				242CE90B27EA570300C3F556 /* DiscountMultiVCUITests.swift in Sources */,
			);
			runOnlyForDeploymentPostprocessing = 0;
		};
/* End PBXSourcesBuildPhase section */

/* Begin PBXTargetDependency section */
		242CE8FE27EA570300C3F556 /* PBXTargetDependency */ = {
			isa = PBXTargetDependency;
			target = 242CE8E527EA570200C3F556 /* DiscountMultiVC */;
			targetProxy = 242CE8FD27EA570300C3F556 /* PBXContainerItemProxy */;
		};
		242CE90827EA570300C3F556 /* PBXTargetDependency */ = {
			isa = PBXTargetDependency;
			target = 242CE8E527EA570200C3F556 /* DiscountMultiVC */;
			targetProxy = 242CE90727EA570300C3F556 /* PBXContainerItemProxy */;
		};
/* End PBXTargetDependency section */

/* Begin PBXVariantGroup section */
		242CE8EF27EA570200C3F556 /* Main.storyboard */ = {
			isa = PBXVariantGroup;
			children = (
				242CE8F027EA570200C3F556 /* Base */,
			);
			name = Main.storyboard;
			sourceTree = "<group>";
		};
		242CE8F427EA570300C3F556 /* LaunchScreen.storyboard */ = {
			isa = PBXVariantGroup;
			children = (
				242CE8F527EA570300C3F556 /* Base */,
			);
			name = LaunchScreen.storyboard;
			sourceTree = "<group>";
		};
/* End PBXVariantGroup section */

/* Begin XCBuildConfiguration section */
		242CE90E27EA570300C3F556 /* Debug */ = {
			isa = XCBuildConfiguration;
			buildSettings = {
				ALWAYS_SEARCH_USER_PATHS = NO;
				CLANG_ANALYZER_NONNULL = YES;
				CLANG_ANALYZER_NUMBER_OBJECT_CONVERSION = YES_AGGRESSIVE;
				CLANG_CXX_LANGUAGE_STANDARD = "gnu++17";
				CLANG_CXX_LIBRARY = "libc++";
				CLANG_ENABLE_MODULES = YES;
				CLANG_ENABLE_OBJC_ARC = YES;
				CLANG_ENABLE_OBJC_WEAK = YES;
				CLANG_WARN_BLOCK_CAPTURE_AUTORELEASING = YES;
				CLANG_WARN_BOOL_CONVERSION = YES;
				CLANG_WARN_COMMA = YES;
				CLANG_WARN_CONSTANT_CONVERSION = YES;
				CLANG_WARN_DEPRECATED_OBJC_IMPLEMENTATIONS = YES;
				CLANG_WARN_DIRECT_OBJC_ISA_USAGE = YES_ERROR;
				CLANG_WARN_DOCUMENTATION_COMMENTS = YES;
				CLANG_WARN_EMPTY_BODY = YES;
				CLANG_WARN_ENUM_CONVERSION = YES;
				CLANG_WARN_INFINITE_RECURSION = YES;
				CLANG_WARN_INT_CONVERSION = YES;
				CLANG_WARN_NON_LITERAL_NULL_CONVERSION = YES;
				CLANG_WARN_OBJC_IMPLICIT_RETAIN_SELF = YES;
				CLANG_WARN_OBJC_LITERAL_CONVERSION = YES;
				CLANG_WARN_OBJC_ROOT_CLASS = YES_ERROR;
				CLANG_WARN_QUOTED_INCLUDE_IN_FRAMEWORK_HEADER = YES;
				CLANG_WARN_RANGE_LOOP_ANALYSIS = YES;
				CLANG_WARN_STRICT_PROTOTYPES = YES;
				CLANG_WARN_SUSPICIOUS_MOVE = YES;
				CLANG_WARN_UNGUARDED_AVAILABILITY = YES_AGGRESSIVE;
				CLANG_WARN_UNREACHABLE_CODE = YES;
				CLANG_WARN__DUPLICATE_METHOD_MATCH = YES;
				COPY_PHASE_STRIP = NO;
				DEBUG_INFORMATION_FORMAT = dwarf;
				ENABLE_STRICT_OBJC_MSGSEND = YES;
				ENABLE_TESTABILITY = YES;
				GCC_C_LANGUAGE_STANDARD = gnu11;
				GCC_DYNAMIC_NO_PIC = NO;
				GCC_NO_COMMON_BLOCKS = YES;
				GCC_OPTIMIZATION_LEVEL = 0;
				GCC_PREPROCESSOR_DEFINITIONS = (
					"DEBUG=1",
					"$(inherited)",
				);
				GCC_WARN_64_TO_32_BIT_CONVERSION = YES;
				GCC_WARN_ABOUT_RETURN_TYPE = YES_ERROR;
				GCC_WARN_UNDECLARED_SELECTOR = YES;
				GCC_WARN_UNINITIALIZED_AUTOS = YES_AGGRESSIVE;
				GCC_WARN_UNUSED_FUNCTION = YES;
				GCC_WARN_UNUSED_VARIABLE = YES;
				IPHONEOS_DEPLOYMENT_TARGET = 15.2;
				MTL_ENABLE_DEBUG_INFO = INCLUDE_SOURCE;
				MTL_FAST_MATH = YES;
				ONLY_ACTIVE_ARCH = YES;
				SDKROOT = iphoneos;
				SWIFT_ACTIVE_COMPILATION_CONDITIONS = DEBUG;
				SWIFT_OPTIMIZATION_LEVEL = "-Onone";
			};
			name = Debug;
		};
		242CE90F27EA570300C3F556 /* Release */ = {
			isa = XCBuildConfiguration;
			buildSettings = {
				ALWAYS_SEARCH_USER_PATHS = NO;
				CLANG_ANALYZER_NONNULL = YES;
				CLANG_ANALYZER_NUMBER_OBJECT_CONVERSION = YES_AGGRESSIVE;
				CLANG_CXX_LANGUAGE_STANDARD = "gnu++17";
				CLANG_CXX_LIBRARY = "libc++";
				CLANG_ENABLE_MODULES = YES;
				CLANG_ENABLE_OBJC_ARC = YES;
				CLANG_ENABLE_OBJC_WEAK = YES;
				CLANG_WARN_BLOCK_CAPTURE_AUTORELEASING = YES;
				CLANG_WARN_BOOL_CONVERSION = YES;
				CLANG_WARN_COMMA = YES;
				CLANG_WARN_CONSTANT_CONVERSION = YES;
				CLANG_WARN_DEPRECATED_OBJC_IMPLEMENTATIONS = YES;
				CLANG_WARN_DIRECT_OBJC_ISA_USAGE = YES_ERROR;
				CLANG_WARN_DOCUMENTATION_COMMENTS = YES;
				CLANG_WARN_EMPTY_BODY = YES;
				CLANG_WARN_ENUM_CONVERSION = YES;
				CLANG_WARN_INFINITE_RECURSION = YES;
				CLANG_WARN_INT_CONVERSION = YES;
				CLANG_WARN_NON_LITERAL_NULL_CONVERSION = YES;
				CLANG_WARN_OBJC_IMPLICIT_RETAIN_SELF = YES;
				CLANG_WARN_OBJC_LITERAL_CONVERSION = YES;
				CLANG_WARN_OBJC_ROOT_CLASS = YES_ERROR;
				CLANG_WARN_QUOTED_INCLUDE_IN_FRAMEWORK_HEADER = YES;
				CLANG_WARN_RANGE_LOOP_ANALYSIS = YES;
				CLANG_WARN_STRICT_PROTOTYPES = YES;
				CLANG_WARN_SUSPICIOUS_MOVE = YES;
				CLANG_WARN_UNGUARDED_AVAILABILITY = YES_AGGRESSIVE;
				CLANG_WARN_UNREACHABLE_CODE = YES;
				CLANG_WARN__DUPLICATE_METHOD_MATCH = YES;
				COPY_PHASE_STRIP = NO;
				DEBUG_INFORMATION_FORMAT = "dwarf-with-dsym";
				ENABLE_NS_ASSERTIONS = NO;
				ENABLE_STRICT_OBJC_MSGSEND = YES;
				GCC_C_LANGUAGE_STANDARD = gnu11;
				GCC_NO_COMMON_BLOCKS = YES;
				GCC_WARN_64_TO_32_BIT_CONVERSION = YES;
				GCC_WARN_ABOUT_RETURN_TYPE = YES_ERROR;
				GCC_WARN_UNDECLARED_SELECTOR = YES;
				GCC_WARN_UNINITIALIZED_AUTOS = YES_AGGRESSIVE;
				GCC_WARN_UNUSED_FUNCTION = YES;
				GCC_WARN_UNUSED_VARIABLE = YES;
				IPHONEOS_DEPLOYMENT_TARGET = 15.2;
				MTL_ENABLE_DEBUG_INFO = NO;
				MTL_FAST_MATH = YES;
				SDKROOT = iphoneos;
				SWIFT_COMPILATION_MODE = wholemodule;
				SWIFT_OPTIMIZATION_LEVEL = "-O";
				VALIDATE_PRODUCT = YES;
			};
			name = Release;
		};
		242CE91127EA570300C3F556 /* Debug */ = {
			isa = XCBuildConfiguration;
			buildSettings = {
				ASSETCATALOG_COMPILER_APPICON_NAME = AppIcon;
				ASSETCATALOG_COMPILER_GLOBAL_ACCENT_COLOR_NAME = AccentColor;
				CODE_SIGN_STYLE = Automatic;
				CURRENT_PROJECT_VERSION = 1;
				GENERATE_INFOPLIST_FILE = YES;
				INFOPLIST_FILE = DiscountMultiVC/Info.plist;
				INFOPLIST_KEY_CFBundleDisplayName = DiscountMultiVC;
				INFOPLIST_KEY_UIApplicationSupportsIndirectInputEvents = YES;
				INFOPLIST_KEY_UILaunchStoryboardName = LaunchScreen;
				INFOPLIST_KEY_UIMainStoryboardFile = Main;
				INFOPLIST_KEY_UISupportedInterfaceOrientations_iPad = "UIInterfaceOrientationPortrait UIInterfaceOrientationPortraitUpsideDown UIInterfaceOrientationLandscapeLeft UIInterfaceOrientationLandscapeRight";
				INFOPLIST_KEY_UISupportedInterfaceOrientations_iPhone = "UIInterfaceOrientationPortrait UIInterfaceOrientationLandscapeLeft UIInterfaceOrientationLandscapeRight";
				LD_RUNPATH_SEARCH_PATHS = (
					"$(inherited)",
					"@executable_path/Frameworks",
				);
				MARKETING_VERSION = 1.0;
				PRODUCT_BUNDLE_IDENTIFIER = nwmsu.DiscountMultiVC;
				PRODUCT_NAME = "$(TARGET_NAME)";
				SWIFT_EMIT_LOC_STRINGS = YES;
				SWIFT_VERSION = 5.0;
				TARGETED_DEVICE_FAMILY = "1,2";
			};
			name = Debug;
		};
		242CE91227EA570300C3F556 /* Release */ = {
			isa = XCBuildConfiguration;
			buildSettings = {
				ASSETCATALOG_COMPILER_APPICON_NAME = AppIcon;
				ASSETCATALOG_COMPILER_GLOBAL_ACCENT_COLOR_NAME = AccentColor;
				CODE_SIGN_STYLE = Automatic;
				CURRENT_PROJECT_VERSION = 1;
				GENERATE_INFOPLIST_FILE = YES;
				INFOPLIST_FILE = DiscountMultiVC/Info.plist;
				INFOPLIST_KEY_CFBundleDisplayName = DiscountMultiVC;
				INFOPLIST_KEY_UIApplicationSupportsIndirectInputEvents = YES;
				INFOPLIST_KEY_UILaunchStoryboardName = LaunchScreen;
				INFOPLIST_KEY_UIMainStoryboardFile = Main;
				INFOPLIST_KEY_UISupportedInterfaceOrientations_iPad = "UIInterfaceOrientationPortrait UIInterfaceOrientationPortraitUpsideDown UIInterfaceOrientationLandscapeLeft UIInterfaceOrientationLandscapeRight";
				INFOPLIST_KEY_UISupportedInterfaceOrientations_iPhone = "UIInterfaceOrientationPortrait UIInterfaceOrientationLandscapeLeft UIInterfaceOrientationLandscapeRight";
				LD_RUNPATH_SEARCH_PATHS = (
					"$(inherited)",
					"@executable_path/Frameworks",
				);
				MARKETING_VERSION = 1.0;
				PRODUCT_BUNDLE_IDENTIFIER = nwmsu.DiscountMultiVC;
				PRODUCT_NAME = "$(TARGET_NAME)";
				SWIFT_EMIT_LOC_STRINGS = YES;
				SWIFT_VERSION = 5.0;
				TARGETED_DEVICE_FAMILY = "1,2";
			};
			name = Release;
		};
		242CE91427EA570300C3F556 /* Debug */ = {
			isa = XCBuildConfiguration;
			buildSettings = {
				ALWAYS_EMBED_SWIFT_STANDARD_LIBRARIES = YES;
				BUNDLE_LOADER = "$(TEST_HOST)";
				CODE_SIGN_STYLE = Automatic;
				CURRENT_PROJECT_VERSION = 1;
				GENERATE_INFOPLIST_FILE = YES;
				IPHONEOS_DEPLOYMENT_TARGET = 15.2;
				MARKETING_VERSION = 1.0;
				PRODUCT_BUNDLE_IDENTIFIER = nwmsu.DiscountMultiVCTests;
				PRODUCT_NAME = "$(TARGET_NAME)";
				SWIFT_EMIT_LOC_STRINGS = NO;
				SWIFT_VERSION = 5.0;
				TARGETED_DEVICE_FAMILY = "1,2";
				TEST_HOST = "$(BUILT_PRODUCTS_DIR)/DiscountMultiVC.app/DiscountMultiVC";
			};
			name = Debug;
		};
		242CE91527EA570300C3F556 /* Release */ = {
			isa = XCBuildConfiguration;
			buildSettings = {
				ALWAYS_EMBED_SWIFT_STANDARD_LIBRARIES = YES;
				BUNDLE_LOADER = "$(TEST_HOST)";
				CODE_SIGN_STYLE = Automatic;
				CURRENT_PROJECT_VERSION = 1;
				GENERATE_INFOPLIST_FILE = YES;
				IPHONEOS_DEPLOYMENT_TARGET = 15.2;
				MARKETING_VERSION = 1.0;
				PRODUCT_BUNDLE_IDENTIFIER = nwmsu.DiscountMultiVCTests;
				PRODUCT_NAME = "$(TARGET_NAME)";
				SWIFT_EMIT_LOC_STRINGS = NO;
				SWIFT_VERSION = 5.0;
				TARGETED_DEVICE_FAMILY = "1,2";
				TEST_HOST = "$(BUILT_PRODUCTS_DIR)/DiscountMultiVC.app/DiscountMultiVC";
			};
			name = Release;
		};
		242CE91727EA570300C3F556 /* Debug */ = {
			isa = XCBuildConfiguration;
			buildSettings = {
				ALWAYS_EMBED_SWIFT_STANDARD_LIBRARIES = YES;
				CODE_SIGN_STYLE = Automatic;
				CURRENT_PROJECT_VERSION = 1;
				GENERATE_INFOPLIST_FILE = YES;
				MARKETING_VERSION = 1.0;
				PRODUCT_BUNDLE_IDENTIFIER = nwmsu.DiscountMultiVCUITests;
				PRODUCT_NAME = "$(TARGET_NAME)";
				SWIFT_EMIT_LOC_STRINGS = NO;
				SWIFT_VERSION = 5.0;
				TARGETED_DEVICE_FAMILY = "1,2";
				TEST_TARGET_NAME = DiscountMultiVC;
			};
			name = Debug;
		};
		242CE91827EA570300C3F556 /* Release */ = {
			isa = XCBuildConfiguration;
			buildSettings = {
				ALWAYS_EMBED_SWIFT_STANDARD_LIBRARIES = YES;
				CODE_SIGN_STYLE = Automatic;
				CURRENT_PROJECT_VERSION = 1;
				GENERATE_INFOPLIST_FILE = YES;
				MARKETING_VERSION = 1.0;
				PRODUCT_BUNDLE_IDENTIFIER = nwmsu.DiscountMultiVCUITests;
				PRODUCT_NAME = "$(TARGET_NAME)";
				SWIFT_EMIT_LOC_STRINGS = NO;
				SWIFT_VERSION = 5.0;
				TARGETED_DEVICE_FAMILY = "1,2";
				TEST_TARGET_NAME = DiscountMultiVC;
			};
			name = Release;
		};
/* End XCBuildConfiguration section */

/* Begin XCConfigurationList section */
		242CE8E127EA570200C3F556 /* Build configuration list for PBXProject "DiscountMultiVC" */ = {
			isa = XCConfigurationList;
			buildConfigurations = (
				242CE90E27EA570300C3F556 /* Debug */,
				242CE90F27EA570300C3F556 /* Release */,
			);
			defaultConfigurationIsVisible = 0;
			defaultConfigurationName = Release;
		};
		242CE91027EA570300C3F556 /* Build configuration list for PBXNativeTarget "DiscountMultiVC" */ = {
			isa = XCConfigurationList;
			buildConfigurations = (
				242CE91127EA570300C3F556 /* Debug */,
				242CE91227EA570300C3F556 /* Release */,
			);
			defaultConfigurationIsVisible = 0;
			defaultConfigurationName = Release;
		};
		242CE91327EA570300C3F556 /* Build configuration list for PBXNativeTarget "DiscountMultiVCTests" */ = {
			isa = XCConfigurationList;
			buildConfigurations = (
				242CE91427EA570300C3F556 /* Debug */,
				242CE91527EA570300C3F556 /* Release */,
			);
			defaultConfigurationIsVisible = 0;
			defaultConfigurationName = Release;
		};
		242CE91627EA570300C3F556 /* Build configuration list for PBXNativeTarget "DiscountMultiVCUITests" */ = {
			isa = XCConfigurationList;
			buildConfigurations = (
				242CE91727EA570300C3F556 /* Debug */,
				242CE91827EA570300C3F556 /* Release */,
			);
			defaultConfigurationIsVisible = 0;
			defaultConfigurationName = Release;
		};
/* End XCConfigurationList section */
	};
	rootObject = 242CE8DE27EA570200C3F556 /* Project object */;
}
